// !$*UTF8*$!
{
	archiveVersion = 1;
	classes = {
	};
	objectVersion = 55;
	objects = {

/* Begin PBXBuildFile section */
		678619E628C6736200F6F18E /* AppDelegate.swift in Sources */ = {isa = PBXBuildFile; fileRef = 678619E528C6736200F6F18E /* AppDelegate.swift */; };
		678619E828C6736200F6F18E /* SceneDelegate.swift in Sources */ = {isa = PBXBuildFile; fileRef = 678619E728C6736200F6F18E /* SceneDelegate.swift */; };
		678619EA28C6736200F6F18E /* ViewController.swift in Sources */ = {isa = PBXBuildFile; fileRef = 678619E928C6736200F6F18E /* ViewController.swift */; };
		678619ED28C6736200F6F18E /* Main.storyboard in Resources */ = {isa = PBXBuildFile; fileRef = 678619EB28C6736200F6F18E /* Main.storyboard */; };
		678619F028C6736200F6F18E /* newMap.xcdatamodeld in Sources */ = {isa = PBXBuildFile; fileRef = 678619EE28C6736200F6F18E /* newMap.xcdatamodeld */; };
		678619F228C6736700F6F18E /* Assets.xcassets in Resources */ = {isa = PBXBuildFile; fileRef = 678619F128C6736700F6F18E /* Assets.xcassets */; };
		678619F528C6736700F6F18E /* LaunchScreen.storyboard in Resources */ = {isa = PBXBuildFile; fileRef = 678619F328C6736700F6F18E /* LaunchScreen.storyboard */; };
		678619FF28C6970100F6F18E /* File.json in Resources */ = {isa = PBXBuildFile; fileRef = 678619FE28C6970100F6F18E /* File.json */; };
		9AA2A31D692C185396C9A6C9 /* Pods_newMap.framework in Frameworks */ = {isa = PBXBuildFile; fileRef = 69E2F83569A1AA012ECB5E8D /* Pods_newMap.framework */; };
/* End PBXBuildFile section */

/* Begin PBXFileReference section */
		678619E228C6736200F6F18E /* newMap.app */ = {isa = PBXFileReference; explicitFileType = wrapper.application; includeInIndex = 0; path = newMap.app; sourceTree = BUILT_PRODUCTS_DIR; };
		678619E528C6736200F6F18E /* AppDelegate.swift */ = {isa = PBXFileReference; lastKnownFileType = sourcecode.swift; path = AppDelegate.swift; sourceTree = "<group>"; };
		678619E728C6736200F6F18E /* SceneDelegate.swift */ = {isa = PBXFileReference; lastKnownFileType = sourcecode.swift; path = SceneDelegate.swift; sourceTree = "<group>"; };
		678619E928C6736200F6F18E /* ViewController.swift */ = {isa = PBXFileReference; lastKnownFileType = sourcecode.swift; path = ViewController.swift; sourceTree = "<group>"; };
		678619EC28C6736200F6F18E /* Base */ = {isa = PBXFileReference; lastKnownFileType = file.storyboard; name = Base; path = Base.lproj/Main.storyboard; sourceTree = "<group>"; };
		678619EF28C6736200F6F18E /* newMap.xcdatamodel */ = {isa = PBXFileReference; lastKnownFileType = wrapper.xcdatamodel; path = newMap.xcdatamodel; sourceTree = "<group>"; };
		678619F128C6736700F6F18E /* Assets.xcassets */ = {isa = PBXFileReference; lastKnownFileType = folder.assetcatalog; path = Assets.xcassets; sourceTree = "<group>"; };
		678619F428C6736700F6F18E /* Base */ = {isa = PBXFileReference; lastKnownFileType = file.storyboard; name = Base; path = Base.lproj/LaunchScreen.storyboard; sourceTree = "<group>"; };
		678619F628C6736700F6F18E /* Info.plist */ = {isa = PBXFileReference; lastKnownFileType = text.plist.xml; path = Info.plist; sourceTree = "<group>"; };
		678619FE28C6970100F6F18E /* File.json */ = {isa = PBXFileReference; lastKnownFileType = text.json; path = File.json; sourceTree = "<group>"; };
		69E2F83569A1AA012ECB5E8D /* Pods_newMap.framework */ = {isa = PBXFileReference; explicitFileType = wrapper.framework; includeInIndex = 0; path = Pods_newMap.framework; sourceTree = BUILT_PRODUCTS_DIR; };
		7FB708C4C4EAAD2BD9993466 /* Pods-newMap.debug.xcconfig */ = {isa = PBXFileReference; includeInIndex = 1; lastKnownFileType = text.xcconfig; name = "Pods-newMap.debug.xcconfig"; path = "Target Support Files/Pods-newMap/Pods-newMap.debug.xcconfig"; sourceTree = "<group>"; };
		D7678B6C53B0B8A57AFC1AB7 /* Pods-newMap.release.xcconfig */ = {isa = PBXFileReference; includeInIndex = 1; lastKnownFileType = text.xcconfig; name = "Pods-newMap.release.xcconfig"; path = "Target Support Files/Pods-newMap/Pods-newMap.release.xcconfig"; sourceTree = "<group>"; };
/* End PBXFileReference section */

/* Begin PBXFrameworksBuildPhase section */
		678619DF28C6736200F6F18E /* Frameworks */ = {
			isa = PBXFrameworksBuildPhase;
			buildActionMask = 2147483647;
			files = (
				9AA2A31D692C185396C9A6C9 /* Pods_newMap.framework in Frameworks */,
			);
			runOnlyForDeploymentPostprocessing = 0;
		};
/* End PBXFrameworksBuildPhase section */

/* Begin PBXGroup section */
		678619D928C6736200F6F18E = {
			isa = PBXGroup;
			children = (
				678619E428C6736200F6F18E /* newMap */,
				678619E328C6736200F6F18E /* Products */,
				F579BA4D5A7D368B09ED56B4 /* Pods */,
				BFA6621E872A258BA93AC9E2 /* Frameworks */,
			);
			sourceTree = "<group>";
		};
		678619E328C6736200F6F18E /* Products */ = {
			isa = PBXGroup;
			children = (
				678619E228C6736200F6F18E /* newMap.app */,
			);
			name = Products;
			sourceTree = "<group>";
		};
		678619E428C6736200F6F18E /* newMap */ = {
			isa = PBXGroup;
			children = (
				678619E528C6736200F6F18E /* AppDelegate.swift */,
				678619E728C6736200F6F18E /* SceneDelegate.swift */,
				678619E928C6736200F6F18E /* ViewController.swift */,
				678619EB28C6736200F6F18E /* Main.storyboard */,
				678619F128C6736700F6F18E /* Assets.xcassets */,
				678619F328C6736700F6F18E /* LaunchScreen.storyboard */,
				678619F628C6736700F6F18E /* Info.plist */,
				678619EE28C6736200F6F18E /* newMap.xcdatamodeld */,
				678619FE28C6970100F6F18E /* File.json */,
			);
			path = newMap;
			sourceTree = "<group>";
		};
		BFA6621E872A258BA93AC9E2 /* Frameworks */ = {
			isa = PBXGroup;
			children = (
				69E2F83569A1AA012ECB5E8D /* Pods_newMap.framework */,
			);
			name = Frameworks;
			sourceTree = "<group>";
		};
		F579BA4D5A7D368B09ED56B4 /* Pods */ = {
			isa = PBXGroup;
			children = (
				7FB708C4C4EAAD2BD9993466 /* Pods-newMap.debug.xcconfig */,
				D7678B6C53B0B8A57AFC1AB7 /* Pods-newMap.release.xcconfig */,
			);
			path = Pods;
			sourceTree = "<group>";
		};
/* End PBXGroup section */

/* Begin PBXNativeTarget section */
		678619E128C6736200F6F18E /* newMap */ = {
			isa = PBXNativeTarget;
			buildConfigurationList = 678619F928C6736700F6F18E /* Build configuration list for PBXNativeTarget "newMap" */;
			buildPhases = (
				1CFD61EDB96B33F3D0982863 /* [CP] Check Pods Manifest.lock */,
				678619DE28C6736200F6F18E /* Sources */,
				678619DF28C6736200F6F18E /* Frameworks */,
				678619E028C6736200F6F18E /* Resources */,
				E160C6C320985543802472B8 /* [CP] Copy Pods Resources */,
			);
			buildRules = (
			);
			dependencies = (
			);
			name = newMap;
			productName = newMap;
			productReference = 678619E228C6736200F6F18E /* newMap.app */;
			productType = "com.apple.product-type.application";
		};
/* End PBXNativeTarget section */

/* Begin PBXProject section */
		678619DA28C6736200F6F18E /* Project object */ = {
			isa = PBXProject;
			attributes = {
				BuildIndependentTargetsInParallel = 1;
				LastSwiftUpdateCheck = 1340;
				LastUpgradeCheck = 1340;
				TargetAttributes = {
					678619E128C6736200F6F18E = {
						CreatedOnToolsVersion = 13.4.1;
					};
				};
			};
			buildConfigurationList = 678619DD28C6736200F6F18E /* Build configuration list for PBXProject "newMap" */;
			compatibilityVersion = "Xcode 13.0";
			developmentRegion = en;
			hasScannedForEncodings = 0;
			knownRegions = (
				en,
				Base,
			);
			mainGroup = 678619D928C6736200F6F18E;
			productRefGroup = 678619E328C6736200F6F18E /* Products */;
			projectDirPath = "";
			projectRoot = "";
			targets = (
				678619E128C6736200F6F18E /* newMap */,
			);
		};
/* End PBXProject section */

/* Begin PBXResourcesBuildPhase section */
		678619E028C6736200F6F18E /* Resources */ = {
			isa = PBXResourcesBuildPhase;
			buildActionMask = 2147483647;
			files = (
				678619F528C6736700F6F18E /* LaunchScreen.storyboard in Resources */,
				678619FF28C6970100F6F18E /* File.json in Resources */,
				678619F228C6736700F6F18E /* Assets.xcassets in Resources */,
				678619ED28C6736200F6F18E /* Main.storyboard in Resources */,
			);
			runOnlyForDeploymentPostprocessing = 0;
		};
/* End PBXResourcesBuildPhase section */

/* Begin PBXShellScriptBuildPhase section */
		1CFD61EDB96B33F3D0982863 /* [CP] Check Pods Manifest.lock */ = {
			isa = PBXShellScriptBuildPhase;
			buildActionMask = 2147483647;
			files = (
			);
			inputFileListPaths = (
			);
			inputPaths = (
				"${PODS_PODFILE_DIR_PATH}/Podfile.lock",
				"${PODS_ROOT}/Manifest.lock",
			);
			name = "[CP] Check Pods Manifest.lock";
			outputFileListPaths = (
			);
			outputPaths = (
				"$(DERIVED_FILE_DIR)/Pods-newMap-checkManifestLockResult.txt",
			);
			runOnlyForDeploymentPostprocessing = 0;
			shellPath = /bin/sh;
			shellScript = "diff \"${PODS_PODFILE_DIR_PATH}/Podfile.lock\" \"${PODS_ROOT}/Manifest.lock\" > /dev/null\nif [ $? != 0 ] ; then\n    # print error to STDERR\n    echo \"error: The sandbox is not in sync with the Podfile.lock. Run 'pod install' or update your CocoaPods installation.\" >&2\n    exit 1\nfi\n# This output is used by Xcode 'outputs' to avoid re-running this script phase.\necho \"SUCCESS\" > \"${SCRIPT_OUTPUT_FILE_0}\"\n";
			showEnvVarsInLog = 0;
		};
		E160C6C320985543802472B8 /* [CP] Copy Pods Resources */ = {
			isa = PBXShellScriptBuildPhase;
			buildActionMask = 2147483647;
			files = (
			);
			inputFileListPaths = (
				"${PODS_ROOT}/Target Support Files/Pods-newMap/Pods-newMap-resources-${CONFIGURATION}-input-files.xcfilelist",
			);
			name = "[CP] Copy Pods Resources";
			outputFileListPaths = (
				"${PODS_ROOT}/Target Support Files/Pods-newMap/Pods-newMap-resources-${CONFIGURATION}-output-files.xcfilelist",
			);
			runOnlyForDeploymentPostprocessing = 0;
			shellPath = /bin/sh;
			shellScript = "\"${PODS_ROOT}/Target Support Files/Pods-newMap/Pods-newMap-resources.sh\"\n";
			showEnvVarsInLog = 0;
		};
/* End PBXShellScriptBuildPhase section */

/* Begin PBXSourcesBuildPhase section */
		678619DE28C6736200F6F18E /* Sources */ = {
			isa = PBXSourcesBuildPhase;
			buildActionMask = 2147483647;
			files = (
				678619EA28C6736200F6F18E /* ViewController.swift in Sources */,
				678619E628C6736200F6F18E /* AppDelegate.swift in Sources */,
				678619E828C6736200F6F18E /* SceneDelegate.swift in Sources */,
				678619F028C6736200F6F18E /* newMap.xcdatamodeld in Sources */,
			);
			runOnlyForDeploymentPostprocessing = 0;
		};
/* End PBXSourcesBuildPhase section */

/* Begin PBXVariantGroup section */
		678619EB28C6736200F6F18E /* Main.storyboard */ = {
			isa = PBXVariantGroup;
			children = (
				678619EC28C6736200F6F18E /* Base */,
			);
			name = Main.storyboard;
			sourceTree = "<group>";
		};
		678619F328C6736700F6F18E /* LaunchScreen.storyboard */ = {
			isa = PBXVariantGroup;
			children = (
				678619F428C6736700F6F18E /* Base */,
			);
			name = LaunchScreen.storyboard;
			sourceTree = "<group>";
		};
/* End PBXVariantGroup section */

/* Begin XCBuildConfiguration section */
		678619F728C6736700F6F18E /* Debug */ = {
			isa = XCBuildConfiguration;
			buildSettings = {
				ALWAYS_SEARCH_USER_PATHS = NO;
				CLANG_ANALYZER_NONNULL = YES;
				CLANG_ANALYZER_NUMBER_OBJECT_CONVERSION = YES_AGGRESSIVE;
				CLANG_CXX_LANGUAGE_STANDARD = "gnu++17";
				CLANG_ENABLE_MODULES = YES;
				CLANG_ENABLE_OBJC_ARC = YES;
				CLANG_ENABLE_OBJC_WEAK = YES;
				CLANG_WARN_BLOCK_CAPTURE_AUTORELEASING = YES;
				CLANG_WARN_BOOL_CONVERSION = YES;
				CLANG_WARN_COMMA = YES;
				CLANG_WARN_CONSTANT_CONVERSION = YES;
				CLANG_WARN_DEPRECATED_OBJC_IMPLEMENTATIONS = YES;
				CLANG_WARN_DIRECT_OBJC_ISA_USAGE = YES_ERROR;
				CLANG_WARN_DOCUMENTATION_COMMENTS = YES;
				CLANG_WARN_EMPTY_BODY = YES;
				CLANG_WARN_ENUM_CONVERSION = YES;
				CLANG_WARN_INFINITE_RECURSION = YES;
				CLANG_WARN_INT_CONVERSION = YES;
				CLANG_WARN_NON_LITERAL_NULL_CONVERSION = YES;
				CLANG_WARN_OBJC_IMPLICIT_RETAIN_SELF = YES;
				CLANG_WARN_OBJC_LITERAL_CONVERSION = YES;
				CLANG_WARN_OBJC_ROOT_CLASS = YES_ERROR;
				CLANG_WARN_QUOTED_INCLUDE_IN_FRAMEWORK_HEADER = YES;
				CLANG_WARN_RANGE_LOOP_ANALYSIS = YES;
				CLANG_WARN_STRICT_PROTOTYPES = YES;
				CLANG_WARN_SUSPICIOUS_MOVE = YES;
				CLANG_WARN_UNGUARDED_AVAILABILITY = YES_AGGRESSIVE;
				CLANG_WARN_UNREACHABLE_CODE = YES;
				CLANG_WARN__DUPLICATE_METHOD_MATCH = YES;
				COPY_PHASE_STRIP = NO;
				DEBUG_INFORMATION_FORMAT = dwarf;
				ENABLE_STRICT_OBJC_MSGSEND = YES;
				ENABLE_TESTABILITY = YES;
				GCC_C_LANGUAGE_STANDARD = gnu11;
				GCC_DYNAMIC_NO_PIC = NO;
				GCC_NO_COMMON_BLOCKS = YES;
				GCC_OPTIMIZATION_LEVEL = 0;
				GCC_PREPROCESSOR_DEFINITIONS = (
					"DEBUG=1",
					"$(inherited)",
				);
				GCC_WARN_64_TO_32_BIT_CONVERSION = YES;
				GCC_WARN_ABOUT_RETURN_TYPE = YES_ERROR;
				GCC_WARN_UNDECLARED_SELECTOR = YES;
				GCC_WARN_UNINITIALIZED_AUTOS = YES_AGGRESSIVE;
				GCC_WARN_UNUSED_FUNCTION = YES;
				GCC_WARN_UNUSED_VARIABLE = YES;
				IPHONEOS_DEPLOYMENT_TARGET = 15.5;
				MTL_ENABLE_DEBUG_INFO = INCLUDE_SOURCE;
				MTL_FAST_MATH = YES;
				ONLY_ACTIVE_ARCH = YES;
				SDKROOT = iphoneos;
				SWIFT_ACTIVE_COMPILATION_CONDITIONS = DEBUG;
				SWIFT_OPTIMIZATION_LEVEL = "-Onone";
			};
			name = Debug;
		};
		678619F828C6736700F6F18E /* Release */ = {
			isa = XCBuildConfiguration;
			buildSettings = {
				ALWAYS_SEARCH_USER_PATHS = NO;
				CLANG_ANALYZER_NONNULL = YES;
				CLANG_ANALYZER_NUMBER_OBJECT_CONVERSION = YES_AGGRESSIVE;
				CLANG_CXX_LANGUAGE_STANDARD = "gnu++17";
				CLANG_ENABLE_MODULES = YES;
				CLANG_ENABLE_OBJC_ARC = YES;
				CLANG_ENABLE_OBJC_WEAK = YES;
				CLANG_WARN_BLOCK_CAPTURE_AUTORELEASING = YES;
				CLANG_WARN_BOOL_CONVERSION = YES;
				CLANG_WARN_COMMA = YES;
				CLANG_WARN_CONSTANT_CONVERSION = YES;
				CLANG_WARN_DEPRECATED_OBJC_IMPLEMENTATIONS = YES;
				CLANG_WARN_DIRECT_OBJC_ISA_USAGE = YES_ERROR;
				CLANG_WARN_DOCUMENTATION_COMMENTS = YES;
				CLANG_WARN_EMPTY_BODY = YES;
				CLANG_WARN_ENUM_CONVERSION = YES;
				CLANG_WARN_INFINITE_RECURSION = YES;
				CLANG_WARN_INT_CONVERSION = YES;
				CLANG_WARN_NON_LITERAL_NULL_CONVERSION = YES;
				CLANG_WARN_OBJC_IMPLICIT_RETAIN_SELF = YES;
				CLANG_WARN_OBJC_LITERAL_CONVERSION = YES;
				CLANG_WARN_OBJC_ROOT_CLASS = YES_ERROR;
				CLANG_WARN_QUOTED_INCLUDE_IN_FRAMEWORK_HEADER = YES;
				CLANG_WARN_RANGE_LOOP_ANALYSIS = YES;
				CLANG_WARN_STRICT_PROTOTYPES = YES;
				CLANG_WARN_SUSPICIOUS_MOVE = YES;
				CLANG_WARN_UNGUARDED_AVAILABILITY = YES_AGGRESSIVE;
				CLANG_WARN_UNREACHABLE_CODE = YES;
				CLANG_WARN__DUPLICATE_METHOD_MATCH = YES;
				COPY_PHASE_STRIP = NO;
				DEBUG_INFORMATION_FORMAT = "dwarf-with-dsym";
				ENABLE_NS_ASSERTIONS = NO;
				ENABLE_STRICT_OBJC_MSGSEND = YES;
				GCC_C_LANGUAGE_STANDARD = gnu11;
				GCC_NO_COMMON_BLOCKS = YES;
				GCC_WARN_64_TO_32_BIT_CONVERSION = YES;
				GCC_WARN_ABOUT_RETURN_TYPE = YES_ERROR;
				GCC_WARN_UNDECLARED_SELECTOR = YES;
				GCC_WARN_UNINITIALIZED_AUTOS = YES_AGGRESSIVE;
				GCC_WARN_UNUSED_FUNCTION = YES;
				GCC_WARN_UNUSED_VARIABLE = YES;
				IPHONEOS_DEPLOYMENT_TARGET = 15.5;
				MTL_ENABLE_DEBUG_INFO = NO;
				MTL_FAST_MATH = YES;
				SDKROOT = iphoneos;
				SWIFT_COMPILATION_MODE = wholemodule;
				SWIFT_OPTIMIZATION_LEVEL = "-O";
				VALIDATE_PRODUCT = YES;
			};
			name = Release;
		};
		678619FA28C6736700F6F18E /* Debug */ = {
			isa = XCBuildConfiguration;
			baseConfigurationReference = 7FB708C4C4EAAD2BD9993466 /* Pods-newMap.debug.xcconfig */;
			buildSettings = {
				ASSETCATALOG_COMPILER_APPICON_NAME = AppIcon;
				ASSETCATALOG_COMPILER_GLOBAL_ACCENT_COLOR_NAME = AccentColor;
				CODE_SIGN_STYLE = Automatic;
				CURRENT_PROJECT_VERSION = 1;
				GENERATE_INFOPLIST_FILE = YES;
				INFOPLIST_FILE = newMap/Info.plist;
				INFOPLIST_KEY_LSApplicationCategoryType = "";
				INFOPLIST_KEY_NSLocationAlwaysAndWhenInUseUsageDescription = allow;
				INFOPLIST_KEY_NSLocationWhenInUseUsageDescription = "أرغب باستخدام الموقع ";
				INFOPLIST_KEY_UIApplicationSupportsIndirectInputEvents = YES;
				INFOPLIST_KEY_UILaunchStoryboardName = LaunchScreen;
				INFOPLIST_KEY_UIMainStoryboardFile = Main;
				INFOPLIST_KEY_UISupportedInterfaceOrientations_iPad = "UIInterfaceOrientationPortrait UIInterfaceOrientationPortraitUpsideDown UIInterfaceOrientationLandscapeLeft UIInterfaceOrientationLandscapeRight";
				INFOPLIST_KEY_UISupportedInterfaceOrientations_iPhone = "UIInterfaceOrientationPortrait UIInterfaceOrientationLandscapeLeft UIInterfaceOrientationLandscapeRight";
				LD_RUNPATH_SEARCH_PATHS = (
					"$(inherited)",
					"@executable_path/Frameworks",
				);
				MARKETING_VERSION = 1.0;
				PRODUCT_BUNDLE_IDENTIFIER = com.example.newMap;
				PRODUCT_NAME = "$(TARGET_NAME)";
				SWIFT_EMIT_LOC_STRINGS = YES;
				SWIFT_VERSION = 5.0;
				TARGETED_DEVICE_FAMILY = "1,2";
			};
			name = Debug;
		};
		678619FB28C6736700F6F18E /* Release */ = {
			isa = XCBuildConfiguration;
			baseConfigurationReference = D7678B6C53B0B8A57AFC1AB7 /* Pods-newMap.release.xcconfig */;
			buildSettings = {
				ASSETCATALOG_COMPILER_APPICON_NAME = AppIcon;
				ASSETCATALOG_COMPILER_GLOBAL_ACCENT_COLOR_NAME = AccentColor;
				CODE_SIGN_STYLE = Automatic;
				CURRENT_PROJECT_VERSION = 1;
				GENERATE_INFOPLIST_FILE = YES;
				INFOPLIST_FILE = newMap/Info.plist;
				INFOPLIST_KEY_LSApplicationCategoryType = "";
				INFOPLIST_KEY_NSLocationAlwaysAndWhenInUseUsageDescription = allow;
				INFOPLIST_KEY_NSLocationWhenInUseUsageDescription = "أرغب باستخدام الموقع ";
				INFOPLIST_KEY_UIApplicationSupportsIndirectInputEvents = YES;
				INFOPLIST_KEY_UILaunchStoryboardName = LaunchScreen;
				INFOPLIST_KEY_UIMainStoryboardFile = Main;
				INFOPLIST_KEY_UISupportedInterfaceOrientations_iPad = "UIInterfaceOrientationPortrait UIInterfaceOrientationPortraitUpsideDown UIInterfaceOrientationLandscapeLeft UIInterfaceOrientationLandscapeRight";
				INFOPLIST_KEY_UISupportedInterfaceOrientations_iPhone = "UIInterfaceOrientationPortrait UIInterfaceOrientationLandscapeLeft UIInterfaceOrientationLandscapeRight";
				LD_RUNPATH_SEARCH_PATHS = (
					"$(inherited)",
					"@executable_path/Frameworks",
				);
				MARKETING_VERSION = 1.0;
				PRODUCT_BUNDLE_IDENTIFIER = com.example.newMap;
				PRODUCT_NAME = "$(TARGET_NAME)";
				SWIFT_EMIT_LOC_STRINGS = YES;
				SWIFT_VERSION = 5.0;
				TARGETED_DEVICE_FAMILY = "1,2";
			};
			name = Release;
		};
/* End XCBuildConfiguration section */

/* Begin XCConfigurationList section */
		678619DD28C6736200F6F18E /* Build configuration list for PBXProject "newMap" */ = {
			isa = XCConfigurationList;
			buildConfigurations = (
				678619F728C6736700F6F18E /* Debug */,
				678619F828C6736700F6F18E /* Release */,
			);
			defaultConfigurationIsVisible = 0;
			defaultConfigurationName = Release;
		};
		678619F928C6736700F6F18E /* Build configuration list for PBXNativeTarget "newMap" */ = {
			isa = XCConfigurationList;
			buildConfigurations = (
				678619FA28C6736700F6F18E /* Debug */,
				678619FB28C6736700F6F18E /* Release */,
			);
			defaultConfigurationIsVisible = 0;
			defaultConfigurationName = Release;
		};
/* End XCConfigurationList section */

/* Begin XCVersionGroup section */
		678619EE28C6736200F6F18E /* newMap.xcdatamodeld */ = {
			isa = XCVersionGroup;
			children = (
				678619EF28C6736200F6F18E /* newMap.xcdatamodel */,
			);
			currentVersion = 678619EF28C6736200F6F18E /* newMap.xcdatamodel */;
			path = newMap.xcdatamodeld;
			sourceTree = "<group>";
			versionGroupType = wrapper.xcdatamodel;
		};
/* End XCVersionGroup section */
	};
	rootObject = 678619DA28C6736200F6F18E /* Project object */;
}
