// !$*UTF8*$!
{
	archiveVersion = 1;
	classes = {
	};
	objectVersion = 55;
	objects = {

/* Begin PBXBuildFile section */
		5B35E01628C68516007A8AC4 /* HeatMapViewController.swift in Sources */ = {isa = PBXBuildFile; fileRef = 5B35E01528C68516007A8AC4 /* HeatMapViewController.swift */; };
		5B5CFB7B28C6266500E14C36 /* AppDelegate.swift in Sources */ = {isa = PBXBuildFile; fileRef = 5B5CFB7A28C6266500E14C36 /* AppDelegate.swift */; };
		5B5CFB7D28C6266500E14C36 /* SceneDelegate.swift in Sources */ = {isa = PBXBuildFile; fileRef = 5B5CFB7C28C6266500E14C36 /* SceneDelegate.swift */; };
		5B5CFB7F28C6266500E14C36 /* ViewController.swift in Sources */ = {isa = PBXBuildFile; fileRef = 5B5CFB7E28C6266500E14C36 /* ViewController.swift */; };
		5B5CFB8228C6266500E14C36 /* Main.storyboard in Resources */ = {isa = PBXBuildFile; fileRef = 5B5CFB8028C6266500E14C36 /* Main.storyboard */; };
		5B5CFB8528C6266500E14C36 /* GoogleMapsKit.xcdatamodeld in Sources */ = {isa = PBXBuildFile; fileRef = 5B5CFB8328C6266500E14C36 /* GoogleMapsKit.xcdatamodeld */; };
		5B5CFB8728C6266700E14C36 /* Assets.xcassets in Resources */ = {isa = PBXBuildFile; fileRef = 5B5CFB8628C6266700E14C36 /* Assets.xcassets */; };
		5B5CFB8A28C6266700E14C36 /* LaunchScreen.storyboard in Resources */ = {isa = PBXBuildFile; fileRef = 5B5CFB8828C6266700E14C36 /* LaunchScreen.storyboard */; };
		E5010ECD69A4139015DAE3E5 /* Pods_GoogleMapsKit.framework in Frameworks */ = {isa = PBXBuildFile; fileRef = CF20BA681572DB4AA8DE89E4 /* Pods_GoogleMapsKit.framework */; };
/* End PBXBuildFile section */

/* Begin PBXFileReference section */
		5B35E01528C68516007A8AC4 /* HeatMapViewController.swift */ = {isa = PBXFileReference; lastKnownFileType = sourcecode.swift; path = HeatMapViewController.swift; sourceTree = "<group>"; };
		5B5CFB7728C6266500E14C36 /* GoogleMapsKit.app */ = {isa = PBXFileReference; explicitFileType = wrapper.application; includeInIndex = 0; path = GoogleMapsKit.app; sourceTree = BUILT_PRODUCTS_DIR; };
		5B5CFB7A28C6266500E14C36 /* AppDelegate.swift */ = {isa = PBXFileReference; lastKnownFileType = sourcecode.swift; path = AppDelegate.swift; sourceTree = "<group>"; };
		5B5CFB7C28C6266500E14C36 /* SceneDelegate.swift */ = {isa = PBXFileReference; lastKnownFileType = sourcecode.swift; path = SceneDelegate.swift; sourceTree = "<group>"; };
		5B5CFB7E28C6266500E14C36 /* ViewController.swift */ = {isa = PBXFileReference; lastKnownFileType = sourcecode.swift; path = ViewController.swift; sourceTree = "<group>"; };
		5B5CFB8128C6266500E14C36 /* Base */ = {isa = PBXFileReference; lastKnownFileType = file.storyboard; name = Base; path = Base.lproj/Main.storyboard; sourceTree = "<group>"; };
		5B5CFB8428C6266500E14C36 /* GoogleMapsKit.xcdatamodel */ = {isa = PBXFileReference; lastKnownFileType = wrapper.xcdatamodel; path = GoogleMapsKit.xcdatamodel; sourceTree = "<group>"; };
		5B5CFB8628C6266700E14C36 /* Assets.xcassets */ = {isa = PBXFileReference; lastKnownFileType = folder.assetcatalog; path = Assets.xcassets; sourceTree = "<group>"; };
		5B5CFB8928C6266700E14C36 /* Base */ = {isa = PBXFileReference; lastKnownFileType = file.storyboard; name = Base; path = Base.lproj/LaunchScreen.storyboard; sourceTree = "<group>"; };
		5B5CFB8B28C6266800E14C36 /* Info.plist */ = {isa = PBXFileReference; lastKnownFileType = text.plist.xml; path = Info.plist; sourceTree = "<group>"; };
		CF20BA681572DB4AA8DE89E4 /* Pods_GoogleMapsKit.framework */ = {isa = PBXFileReference; explicitFileType = wrapper.framework; includeInIndex = 0; path = Pods_GoogleMapsKit.framework; sourceTree = BUILT_PRODUCTS_DIR; };
		E182372779A85FE340450C7D /* Pods-GoogleMapsKit.release.xcconfig */ = {isa = PBXFileReference; includeInIndex = 1; lastKnownFileType = text.xcconfig; name = "Pods-GoogleMapsKit.release.xcconfig"; path = "Target Support Files/Pods-GoogleMapsKit/Pods-GoogleMapsKit.release.xcconfig"; sourceTree = "<group>"; };
		F9506C18B0B1C667109C671A /* Pods-GoogleMapsKit.debug.xcconfig */ = {isa = PBXFileReference; includeInIndex = 1; lastKnownFileType = text.xcconfig; name = "Pods-GoogleMapsKit.debug.xcconfig"; path = "Target Support Files/Pods-GoogleMapsKit/Pods-GoogleMapsKit.debug.xcconfig"; sourceTree = "<group>"; };
/* End PBXFileReference section */

/* Begin PBXFrameworksBuildPhase section */
		5B5CFB7428C6266500E14C36 /* Frameworks */ = {
			isa = PBXFrameworksBuildPhase;
			buildActionMask = 2147483647;
			files = (
				E5010ECD69A4139015DAE3E5 /* Pods_GoogleMapsKit.framework in Frameworks */,
			);
			runOnlyForDeploymentPostprocessing = 0;
		};
/* End PBXFrameworksBuildPhase section */

/* Begin PBXGroup section */
		4DAE13DBC0A12CC8EA532F9E /* Pods */ = {
			isa = PBXGroup;
			children = (
				F9506C18B0B1C667109C671A /* Pods-GoogleMapsKit.debug.xcconfig */,
				E182372779A85FE340450C7D /* Pods-GoogleMapsKit.release.xcconfig */,
			);
			path = Pods;
			sourceTree = "<group>";
		};
		5B5CFB6E28C6266500E14C36 = {
			isa = PBXGroup;
			children = (
				5B5CFB7928C6266500E14C36 /* GoogleMapsKit */,
				5B5CFB7828C6266500E14C36 /* Products */,
				4DAE13DBC0A12CC8EA532F9E /* Pods */,
				AC958C88CB56AE9EFA63986A /* Frameworks */,
			);
			sourceTree = "<group>";
		};
		5B5CFB7828C6266500E14C36 /* Products */ = {
			isa = PBXGroup;
			children = (
				5B5CFB7728C6266500E14C36 /* GoogleMapsKit.app */,
			);
			name = Products;
			sourceTree = "<group>";
		};
		5B5CFB7928C6266500E14C36 /* GoogleMapsKit */ = {
			isa = PBXGroup;
			children = (
				5B5CFB7A28C6266500E14C36 /* AppDelegate.swift */,
				5B5CFB7C28C6266500E14C36 /* SceneDelegate.swift */,
				5B5CFB7E28C6266500E14C36 /* ViewController.swift */,
				5B35E01528C68516007A8AC4 /* HeatMapViewController.swift */,
				5B5CFB8028C6266500E14C36 /* Main.storyboard */,
				5B5CFB8628C6266700E14C36 /* Assets.xcassets */,
				5B5CFB8828C6266700E14C36 /* LaunchScreen.storyboard */,
				5B5CFB8B28C6266800E14C36 /* Info.plist */,
				5B5CFB8328C6266500E14C36 /* GoogleMapsKit.xcdatamodeld */,
			);
			path = GoogleMapsKit;
			sourceTree = "<group>";
		};
		AC958C88CB56AE9EFA63986A /* Frameworks */ = {
			isa = PBXGroup;
			children = (
				CF20BA681572DB4AA8DE89E4 /* Pods_GoogleMapsKit.framework */,
			);
			name = Frameworks;
			sourceTree = "<group>";
		};
/* End PBXGroup section */

/* Begin PBXNativeTarget section */
		5B5CFB7628C6266500E14C36 /* GoogleMapsKit */ = {
			isa = PBXNativeTarget;
			buildConfigurationList = 5B5CFB8E28C6266800E14C36 /* Build configuration list for PBXNativeTarget "GoogleMapsKit" */;
			buildPhases = (
				707A578BD65B7ADF9D4788A9 /* [CP] Check Pods Manifest.lock */,
				5B5CFB7328C6266500E14C36 /* Sources */,
				5B5CFB7428C6266500E14C36 /* Frameworks */,
				5B5CFB7528C6266500E14C36 /* Resources */,
				2F3320C9981CC709D02148A7 /* [CP] Copy Pods Resources */,
			);
			buildRules = (
			);
			dependencies = (
			);
			name = GoogleMapsKit;
			productName = GoogleMapsKit;
			productReference = 5B5CFB7728C6266500E14C36 /* GoogleMapsKit.app */;
			productType = "com.apple.product-type.application";
		};
/* End PBXNativeTarget section */

/* Begin PBXProject section */
		5B5CFB6F28C6266500E14C36 /* Project object */ = {
			isa = PBXProject;
			attributes = {
				BuildIndependentTargetsInParallel = 1;
				LastSwiftUpdateCheck = 1340;
				LastUpgradeCheck = 1340;
				TargetAttributes = {
					5B5CFB7628C6266500E14C36 = {
						CreatedOnToolsVersion = 13.4.1;
					};
				};
			};
			buildConfigurationList = 5B5CFB7228C6266500E14C36 /* Build configuration list for PBXProject "GoogleMapsKit" */;
			compatibilityVersion = "Xcode 13.0";
			developmentRegion = en;
			hasScannedForEncodings = 0;
			knownRegions = (
				en,
				Base,
			);
			mainGroup = 5B5CFB6E28C6266500E14C36;
			productRefGroup = 5B5CFB7828C6266500E14C36 /* Products */;
			projectDirPath = "";
			projectRoot = "";
			targets = (
				5B5CFB7628C6266500E14C36 /* GoogleMapsKit */,
			);
		};
/* End PBXProject section */

/* Begin PBXResourcesBuildPhase section */
		5B5CFB7528C6266500E14C36 /* Resources */ = {
			isa = PBXResourcesBuildPhase;
			buildActionMask = 2147483647;
			files = (
				5B5CFB8A28C6266700E14C36 /* LaunchScreen.storyboard in Resources */,
				5B5CFB8728C6266700E14C36 /* Assets.xcassets in Resources */,
				5B5CFB8228C6266500E14C36 /* Main.storyboard in Resources */,
			);
			runOnlyForDeploymentPostprocessing = 0;
		};
/* End PBXResourcesBuildPhase section */

/* Begin PBXShellScriptBuildPhase section */
		2F3320C9981CC709D02148A7 /* [CP] Copy Pods Resources */ = {
			isa = PBXShellScriptBuildPhase;
			buildActionMask = 2147483647;
			files = (
			);
			inputFileListPaths = (
				"${PODS_ROOT}/Target Support Files/Pods-GoogleMapsKit/Pods-GoogleMapsKit-resources-${CONFIGURATION}-input-files.xcfilelist",
			);
			name = "[CP] Copy Pods Resources";
			outputFileListPaths = (
				"${PODS_ROOT}/Target Support Files/Pods-GoogleMapsKit/Pods-GoogleMapsKit-resources-${CONFIGURATION}-output-files.xcfilelist",
			);
			runOnlyForDeploymentPostprocessing = 0;
			shellPath = /bin/sh;
			shellScript = "\"${PODS_ROOT}/Target Support Files/Pods-GoogleMapsKit/Pods-GoogleMapsKit-resources.sh\"\n";
			showEnvVarsInLog = 0;
		};
		707A578BD65B7ADF9D4788A9 /* [CP] Check Pods Manifest.lock */ = {
			isa = PBXShellScriptBuildPhase;
			buildActionMask = 2147483647;
			files = (
			);
			inputFileListPaths = (
			);
			inputPaths = (
				"${PODS_PODFILE_DIR_PATH}/Podfile.lock",
				"${PODS_ROOT}/Manifest.lock",
			);
			name = "[CP] Check Pods Manifest.lock";
			outputFileListPaths = (
			);
			outputPaths = (
				"$(DERIVED_FILE_DIR)/Pods-GoogleMapsKit-checkManifestLockResult.txt",
			);
			runOnlyForDeploymentPostprocessing = 0;
			shellPath = /bin/sh;
			shellScript = "diff \"${PODS_PODFILE_DIR_PATH}/Podfile.lock\" \"${PODS_ROOT}/Manifest.lock\" > /dev/null\nif [ $? != 0 ] ; then\n    # print error to STDERR\n    echo \"error: The sandbox is not in sync with the Podfile.lock. Run 'pod install' or update your CocoaPods installation.\" >&2\n    exit 1\nfi\n# This output is used by Xcode 'outputs' to avoid re-running this script phase.\necho \"SUCCESS\" > \"${SCRIPT_OUTPUT_FILE_0}\"\n";
			showEnvVarsInLog = 0;
		};
/* End PBXShellScriptBuildPhase section */

/* Begin PBXSourcesBuildPhase section */
		5B5CFB7328C6266500E14C36 /* Sources */ = {
			isa = PBXSourcesBuildPhase;
			buildActionMask = 2147483647;
			files = (
				5B5CFB8528C6266500E14C36 /* GoogleMapsKit.xcdatamodeld in Sources */,
				5B5CFB7F28C6266500E14C36 /* ViewController.swift in Sources */,
				5B35E01628C68516007A8AC4 /* HeatMapViewController.swift in Sources */,
				5B5CFB7B28C6266500E14C36 /* AppDelegate.swift in Sources */,
				5B5CFB7D28C6266500E14C36 /* SceneDelegate.swift in Sources */,
			);
			runOnlyForDeploymentPostprocessing = 0;
		};
/* End PBXSourcesBuildPhase section */

/* Begin PBXVariantGroup section */
		5B5CFB8028C6266500E14C36 /* Main.storyboard */ = {
			isa = PBXVariantGroup;
			children = (
				5B5CFB8128C6266500E14C36 /* Base */,
			);
			name = Main.storyboard;
			sourceTree = "<group>";
		};
		5B5CFB8828C6266700E14C36 /* LaunchScreen.storyboard */ = {
			isa = PBXVariantGroup;
			children = (
				5B5CFB8928C6266700E14C36 /* Base */,
			);
			name = LaunchScreen.storyboard;
			sourceTree = "<group>";
		};
/* End PBXVariantGroup section */

/* Begin XCBuildConfiguration section */
		5B5CFB8C28C6266800E14C36 /* Debug */ = {
			isa = XCBuildConfiguration;
			buildSettings = {
				ALWAYS_SEARCH_USER_PATHS = NO;
				CLANG_ANALYZER_NONNULL = YES;
				CLANG_ANALYZER_NUMBER_OBJECT_CONVERSION = YES_AGGRESSIVE;
				CLANG_CXX_LANGUAGE_STANDARD = "gnu++17";
				CLANG_ENABLE_MODULES = YES;
				CLANG_ENABLE_OBJC_ARC = YES;
				CLANG_ENABLE_OBJC_WEAK = YES;
				CLANG_WARN_BLOCK_CAPTURE_AUTORELEASING = YES;
				CLANG_WARN_BOOL_CONVERSION = YES;
				CLANG_WARN_COMMA = YES;
				CLANG_WARN_CONSTANT_CONVERSION = YES;
				CLANG_WARN_DEPRECATED_OBJC_IMPLEMENTATIONS = YES;
				CLANG_WARN_DIRECT_OBJC_ISA_USAGE = YES_ERROR;
				CLANG_WARN_DOCUMENTATION_COMMENTS = YES;
				CLANG_WARN_EMPTY_BODY = YES;
				CLANG_WARN_ENUM_CONVERSION = YES;
				CLANG_WARN_INFINITE_RECURSION = YES;
				CLANG_WARN_INT_CONVERSION = YES;
				CLANG_WARN_NON_LITERAL_NULL_CONVERSION = YES;
				CLANG_WARN_OBJC_IMPLICIT_RETAIN_SELF = YES;
				CLANG_WARN_OBJC_LITERAL_CONVERSION = YES;
				CLANG_WARN_OBJC_ROOT_CLASS = YES_ERROR;
				CLANG_WARN_QUOTED_INCLUDE_IN_FRAMEWORK_HEADER = YES;
				CLANG_WARN_RANGE_LOOP_ANALYSIS = YES;
				CLANG_WARN_STRICT_PROTOTYPES = YES;
				CLANG_WARN_SUSPICIOUS_MOVE = YES;
				CLANG_WARN_UNGUARDED_AVAILABILITY = YES_AGGRESSIVE;
				CLANG_WARN_UNREACHABLE_CODE = YES;
				CLANG_WARN__DUPLICATE_METHOD_MATCH = YES;
				COPY_PHASE_STRIP = NO;
				DEBUG_INFORMATION_FORMAT = dwarf;
				ENABLE_STRICT_OBJC_MSGSEND = YES;
				ENABLE_TESTABILITY = YES;
				GCC_C_LANGUAGE_STANDARD = gnu11;
				GCC_DYNAMIC_NO_PIC = NO;
				GCC_NO_COMMON_BLOCKS = YES;
				GCC_OPTIMIZATION_LEVEL = 0;
				GCC_PREPROCESSOR_DEFINITIONS = (
					"DEBUG=1",
					"$(inherited)",
				);
				GCC_WARN_64_TO_32_BIT_CONVERSION = YES;
				GCC_WARN_ABOUT_RETURN_TYPE = YES_ERROR;
				GCC_WARN_UNDECLARED_SELECTOR = YES;
				GCC_WARN_UNINITIALIZED_AUTOS = YES_AGGRESSIVE;
				GCC_WARN_UNUSED_FUNCTION = YES;
				GCC_WARN_UNUSED_VARIABLE = YES;
				IPHONEOS_DEPLOYMENT_TARGET = 15.5;
				MTL_ENABLE_DEBUG_INFO = INCLUDE_SOURCE;
				MTL_FAST_MATH = YES;
				ONLY_ACTIVE_ARCH = YES;
				SDKROOT = iphoneos;
				SWIFT_ACTIVE_COMPILATION_CONDITIONS = DEBUG;
				SWIFT_OPTIMIZATION_LEVEL = "-Onone";
			};
			name = Debug;
		};
		5B5CFB8D28C6266800E14C36 /* Release */ = {
			isa = XCBuildConfiguration;
			buildSettings = {
				ALWAYS_SEARCH_USER_PATHS = NO;
				CLANG_ANALYZER_NONNULL = YES;
				CLANG_ANALYZER_NUMBER_OBJECT_CONVERSION = YES_AGGRESSIVE;
				CLANG_CXX_LANGUAGE_STANDARD = "gnu++17";
				CLANG_ENABLE_MODULES = YES;
				CLANG_ENABLE_OBJC_ARC = YES;
				CLANG_ENABLE_OBJC_WEAK = YES;
				CLANG_WARN_BLOCK_CAPTURE_AUTORELEASING = YES;
				CLANG_WARN_BOOL_CONVERSION = YES;
				CLANG_WARN_COMMA = YES;
				CLANG_WARN_CONSTANT_CONVERSION = YES;
				CLANG_WARN_DEPRECATED_OBJC_IMPLEMENTATIONS = YES;
				CLANG_WARN_DIRECT_OBJC_ISA_USAGE = YES_ERROR;
				CLANG_WARN_DOCUMENTATION_COMMENTS = YES;
				CLANG_WARN_EMPTY_BODY = YES;
				CLANG_WARN_ENUM_CONVERSION = YES;
				CLANG_WARN_INFINITE_RECURSION = YES;
				CLANG_WARN_INT_CONVERSION = YES;
				CLANG_WARN_NON_LITERAL_NULL_CONVERSION = YES;
				CLANG_WARN_OBJC_IMPLICIT_RETAIN_SELF = YES;
				CLANG_WARN_OBJC_LITERAL_CONVERSION = YES;
				CLANG_WARN_OBJC_ROOT_CLASS = YES_ERROR;
				CLANG_WARN_QUOTED_INCLUDE_IN_FRAMEWORK_HEADER = YES;
				CLANG_WARN_RANGE_LOOP_ANALYSIS = YES;
				CLANG_WARN_STRICT_PROTOTYPES = YES;
				CLANG_WARN_SUSPICIOUS_MOVE = YES;
				CLANG_WARN_UNGUARDED_AVAILABILITY = YES_AGGRESSIVE;
				CLANG_WARN_UNREACHABLE_CODE = YES;
				CLANG_WARN__DUPLICATE_METHOD_MATCH = YES;
				COPY_PHASE_STRIP = NO;
				DEBUG_INFORMATION_FORMAT = "dwarf-with-dsym";
				ENABLE_NS_ASSERTIONS = NO;
				ENABLE_STRICT_OBJC_MSGSEND = YES;
				GCC_C_LANGUAGE_STANDARD = gnu11;
				GCC_NO_COMMON_BLOCKS = YES;
				GCC_WARN_64_TO_32_BIT_CONVERSION = YES;
				GCC_WARN_ABOUT_RETURN_TYPE = YES_ERROR;
				GCC_WARN_UNDECLARED_SELECTOR = YES;
				GCC_WARN_UNINITIALIZED_AUTOS = YES_AGGRESSIVE;
				GCC_WARN_UNUSED_FUNCTION = YES;
				GCC_WARN_UNUSED_VARIABLE = YES;
				IPHONEOS_DEPLOYMENT_TARGET = 15.5;
				MTL_ENABLE_DEBUG_INFO = NO;
				MTL_FAST_MATH = YES;
				SDKROOT = iphoneos;
				SWIFT_COMPILATION_MODE = wholemodule;
				SWIFT_OPTIMIZATION_LEVEL = "-O";
				VALIDATE_PRODUCT = YES;
			};
			name = Release;
		};
		5B5CFB8F28C6266800E14C36 /* Debug */ = {
			isa = XCBuildConfiguration;
			baseConfigurationReference = F9506C18B0B1C667109C671A /* Pods-GoogleMapsKit.debug.xcconfig */;
			buildSettings = {
				ASSETCATALOG_COMPILER_APPICON_NAME = AppIcon;
				ASSETCATALOG_COMPILER_GLOBAL_ACCENT_COLOR_NAME = AccentColor;
				CODE_SIGN_STYLE = Automatic;
				CURRENT_PROJECT_VERSION = 1;
				DEVELOPMENT_TEAM = 293N2X86HC;
				GENERATE_INFOPLIST_FILE = YES;
				INFOPLIST_FILE = GoogleMapsKit/Info.plist;
				INFOPLIST_KEY_NSLocationAlwaysAndWhenInUseUsageDescription = test1;
				INFOPLIST_KEY_NSLocationWhenInUseUsageDescription = test2;
				INFOPLIST_KEY_UIApplicationSupportsIndirectInputEvents = YES;
				INFOPLIST_KEY_UILaunchStoryboardName = LaunchScreen;
				INFOPLIST_KEY_UIMainStoryboardFile = Main;
				INFOPLIST_KEY_UISupportedInterfaceOrientations_iPad = "UIInterfaceOrientationPortrait UIInterfaceOrientationPortraitUpsideDown UIInterfaceOrientationLandscapeLeft UIInterfaceOrientationLandscapeRight";
				INFOPLIST_KEY_UISupportedInterfaceOrientations_iPhone = "UIInterfaceOrientationPortrait UIInterfaceOrientationLandscapeLeft UIInterfaceOrientationLandscapeRight";
				LD_RUNPATH_SEARCH_PATHS = (
					"$(inherited)",
					"@executable_path/Frameworks",
				);
				MARKETING_VERSION = 1.0;
				PRODUCT_BUNDLE_IDENTIFIER = com.SwiftBootcamp.GoogleMapsKit;
				PRODUCT_NAME = "$(TARGET_NAME)";
				SWIFT_EMIT_LOC_STRINGS = YES;
				SWIFT_VERSION = 5.0;
				TARGETED_DEVICE_FAMILY = "1,2";
			};
			name = Debug;
		};
		5B5CFB9028C6266800E14C36 /* Release */ = {
			isa = XCBuildConfiguration;
			baseConfigurationReference = E182372779A85FE340450C7D /* Pods-GoogleMapsKit.release.xcconfig */;
			buildSettings = {
				ASSETCATALOG_COMPILER_APPICON_NAME = AppIcon;
				ASSETCATALOG_COMPILER_GLOBAL_ACCENT_COLOR_NAME = AccentColor;
				CODE_SIGN_STYLE = Automatic;
				CURRENT_PROJECT_VERSION = 1;
				DEVELOPMENT_TEAM = 293N2X86HC;
				GENERATE_INFOPLIST_FILE = YES;
				INFOPLIST_FILE = GoogleMapsKit/Info.plist;
				INFOPLIST_KEY_NSLocationAlwaysAndWhenInUseUsageDescription = test1;
				INFOPLIST_KEY_NSLocationWhenInUseUsageDescription = test2;
				INFOPLIST_KEY_UIApplicationSupportsIndirectInputEvents = YES;
				INFOPLIST_KEY_UILaunchStoryboardName = LaunchScreen;
				INFOPLIST_KEY_UIMainStoryboardFile = Main;
				INFOPLIST_KEY_UISupportedInterfaceOrientations_iPad = "UIInterfaceOrientationPortrait UIInterfaceOrientationPortraitUpsideDown UIInterfaceOrientationLandscapeLeft UIInterfaceOrientationLandscapeRight";
				INFOPLIST_KEY_UISupportedInterfaceOrientations_iPhone = "UIInterfaceOrientationPortrait UIInterfaceOrientationLandscapeLeft UIInterfaceOrientationLandscapeRight";
				LD_RUNPATH_SEARCH_PATHS = (
					"$(inherited)",
					"@executable_path/Frameworks",
				);
				MARKETING_VERSION = 1.0;
				PRODUCT_BUNDLE_IDENTIFIER = com.SwiftBootcamp.GoogleMapsKit;
				PRODUCT_NAME = "$(TARGET_NAME)";
				SWIFT_EMIT_LOC_STRINGS = YES;
				SWIFT_VERSION = 5.0;
				TARGETED_DEVICE_FAMILY = "1,2";
			};
			name = Release;
		};
/* End XCBuildConfiguration section */

/* Begin XCConfigurationList section */
		5B5CFB7228C6266500E14C36 /* Build configuration list for PBXProject "GoogleMapsKit" */ = {
			isa = XCConfigurationList;
			buildConfigurations = (
				5B5CFB8C28C6266800E14C36 /* Debug */,
				5B5CFB8D28C6266800E14C36 /* Release */,
			);
			defaultConfigurationIsVisible = 0;
			defaultConfigurationName = Release;
		};
		5B5CFB8E28C6266800E14C36 /* Build configuration list for PBXNativeTarget "GoogleMapsKit" */ = {
			isa = XCConfigurationList;
			buildConfigurations = (
				5B5CFB8F28C6266800E14C36 /* Debug */,
				5B5CFB9028C6266800E14C36 /* Release */,
			);
			defaultConfigurationIsVisible = 0;
			defaultConfigurationName = Release;
		};
/* End XCConfigurationList section */

/* Begin XCVersionGroup section */
		5B5CFB8328C6266500E14C36 /* GoogleMapsKit.xcdatamodeld */ = {
			isa = XCVersionGroup;
			children = (
				5B5CFB8428C6266500E14C36 /* GoogleMapsKit.xcdatamodel */,
			);
			currentVersion = 5B5CFB8428C6266500E14C36 /* GoogleMapsKit.xcdatamodel */;
			path = GoogleMapsKit.xcdatamodeld;
			sourceTree = "<group>";
			versionGroupType = wrapper.xcdatamodel;
		};
/* End XCVersionGroup section */
	};
	rootObject = 5B5CFB6F28C6266500E14C36 /* Project object */;
}
