// !$*UTF8*$!
{
	archiveVersion = 1;
	classes = {
	};
	objectVersion = 55;
	objects = {

/* Begin PBXBuildFile section */
		3E4CAAEE28C68EE000D5F68D /* AppDelegate.swift in Sources */ = {isa = PBXBuildFile; fileRef = 3E4CAAED28C68EE000D5F68D /* AppDelegate.swift */; };
		3E4CAAF028C68EE000D5F68D /* SceneDelegate.swift in Sources */ = {isa = PBXBuildFile; fileRef = 3E4CAAEF28C68EE000D5F68D /* SceneDelegate.swift */; };
		3E4CAAF228C68EE000D5F68D /* ViewController.swift in Sources */ = {isa = PBXBuildFile; fileRef = 3E4CAAF128C68EE000D5F68D /* ViewController.swift */; };
		3E4CAAF528C68EE000D5F68D /* Main.storyboard in Resources */ = {isa = PBXBuildFile; fileRef = 3E4CAAF328C68EE000D5F68D /* Main.storyboard */; };
		3E4CAAF728C68EE400D5F68D /* Assets.xcassets in Resources */ = {isa = PBXBuildFile; fileRef = 3E4CAAF628C68EE400D5F68D /* Assets.xcassets */; };
		3E4CAAFA28C68EE500D5F68D /* LaunchScreen.storyboard in Resources */ = {isa = PBXBuildFile; fileRef = 3E4CAAF828C68EE400D5F68D /* LaunchScreen.storyboard */; };
		3E7EB69C28C6A21200FC8901 /* Location.swift in Sources */ = {isa = PBXBuildFile; fileRef = 3E7EB69B28C6A21200FC8901 /* Location.swift */; };
		87E7643748E05F99AE0C4037 /* Pods_HeatMap.framework in Frameworks */ = {isa = PBXBuildFile; fileRef = 1511C780CF7D83DAE1DED090 /* Pods_HeatMap.framework */; };
/* End PBXBuildFile section */

/* Begin PBXFileReference section */
		1511C780CF7D83DAE1DED090 /* Pods_HeatMap.framework */ = {isa = PBXFileReference; explicitFileType = wrapper.framework; includeInIndex = 0; path = Pods_HeatMap.framework; sourceTree = BUILT_PRODUCTS_DIR; };
		3E4CAAEA28C68EE000D5F68D /* HeatMap.app */ = {isa = PBXFileReference; explicitFileType = wrapper.application; includeInIndex = 0; path = HeatMap.app; sourceTree = BUILT_PRODUCTS_DIR; };
		3E4CAAED28C68EE000D5F68D /* AppDelegate.swift */ = {isa = PBXFileReference; lastKnownFileType = sourcecode.swift; path = AppDelegate.swift; sourceTree = "<group>"; };
		3E4CAAEF28C68EE000D5F68D /* SceneDelegate.swift */ = {isa = PBXFileReference; lastKnownFileType = sourcecode.swift; path = SceneDelegate.swift; sourceTree = "<group>"; };
		3E4CAAF128C68EE000D5F68D /* ViewController.swift */ = {isa = PBXFileReference; lastKnownFileType = sourcecode.swift; path = ViewController.swift; sourceTree = "<group>"; };
		3E4CAAF428C68EE000D5F68D /* Base */ = {isa = PBXFileReference; lastKnownFileType = file.storyboard; name = Base; path = Base.lproj/Main.storyboard; sourceTree = "<group>"; };
		3E4CAAF628C68EE400D5F68D /* Assets.xcassets */ = {isa = PBXFileReference; lastKnownFileType = folder.assetcatalog; path = Assets.xcassets; sourceTree = "<group>"; };
		3E4CAAF928C68EE400D5F68D /* Base */ = {isa = PBXFileReference; lastKnownFileType = file.storyboard; name = Base; path = Base.lproj/LaunchScreen.storyboard; sourceTree = "<group>"; };
		3E4CAAFB28C68EE500D5F68D /* Info.plist */ = {isa = PBXFileReference; lastKnownFileType = text.plist.xml; path = Info.plist; sourceTree = "<group>"; };
		3E7EB69B28C6A21200FC8901 /* Location.swift */ = {isa = PBXFileReference; lastKnownFileType = sourcecode.swift; path = Location.swift; sourceTree = "<group>"; };
		431461573D1CB570E48E6889 /* Pods-HeatMap.release.xcconfig */ = {isa = PBXFileReference; includeInIndex = 1; lastKnownFileType = text.xcconfig; name = "Pods-HeatMap.release.xcconfig"; path = "Target Support Files/Pods-HeatMap/Pods-HeatMap.release.xcconfig"; sourceTree = "<group>"; };
		B6E96B72CCBF3F79CB6190B8 /* Pods-HeatMap.debug.xcconfig */ = {isa = PBXFileReference; includeInIndex = 1; lastKnownFileType = text.xcconfig; name = "Pods-HeatMap.debug.xcconfig"; path = "Target Support Files/Pods-HeatMap/Pods-HeatMap.debug.xcconfig"; sourceTree = "<group>"; };
/* End PBXFileReference section */

/* Begin PBXFrameworksBuildPhase section */
		3E4CAAE728C68EE000D5F68D /* Frameworks */ = {
			isa = PBXFrameworksBuildPhase;
			buildActionMask = 2147483647;
			files = (
				87E7643748E05F99AE0C4037 /* Pods_HeatMap.framework in Frameworks */,
			);
			runOnlyForDeploymentPostprocessing = 0;
		};
/* End PBXFrameworksBuildPhase section */

/* Begin PBXGroup section */
		3E4CAAE128C68EE000D5F68D = {
			isa = PBXGroup;
			children = (
				3E4CAAEC28C68EE000D5F68D /* HeatMap */,
				3E4CAAEB28C68EE000D5F68D /* Products */,
				4A0C6AFAE888C60C004ECD82 /* Pods */,
				84BF9678A2AEFF84BB2325ED /* Frameworks */,
			);
			sourceTree = "<group>";
		};
		3E4CAAEB28C68EE000D5F68D /* Products */ = {
			isa = PBXGroup;
			children = (
				3E4CAAEA28C68EE000D5F68D /* HeatMap.app */,
			);
			name = Products;
			sourceTree = "<group>";
		};
		3E4CAAEC28C68EE000D5F68D /* HeatMap */ = {
			isa = PBXGroup;
			children = (
				3E4CAAED28C68EE000D5F68D /* AppDelegate.swift */,
				3E4CAAEF28C68EE000D5F68D /* SceneDelegate.swift */,
				3E4CAAF128C68EE000D5F68D /* ViewController.swift */,
				3E4CAAF328C68EE000D5F68D /* Main.storyboard */,
				3E4CAAF628C68EE400D5F68D /* Assets.xcassets */,
				3E4CAAF828C68EE400D5F68D /* LaunchScreen.storyboard */,
				3E4CAAFB28C68EE500D5F68D /* Info.plist */,
				3E7EB69B28C6A21200FC8901 /* Location.swift */,
			);
			path = HeatMap;
			sourceTree = "<group>";
		};
		4A0C6AFAE888C60C004ECD82 /* Pods */ = {
			isa = PBXGroup;
			children = (
				B6E96B72CCBF3F79CB6190B8 /* Pods-HeatMap.debug.xcconfig */,
				431461573D1CB570E48E6889 /* Pods-HeatMap.release.xcconfig */,
			);
			path = Pods;
			sourceTree = "<group>";
		};
		84BF9678A2AEFF84BB2325ED /* Frameworks */ = {
			isa = PBXGroup;
			children = (
				1511C780CF7D83DAE1DED090 /* Pods_HeatMap.framework */,
			);
			name = Frameworks;
			sourceTree = "<group>";
		};
/* End PBXGroup section */

/* Begin PBXNativeTarget section */
		3E4CAAE928C68EE000D5F68D /* HeatMap */ = {
			isa = PBXNativeTarget;
			buildConfigurationList = 3E4CAAFE28C68EE500D5F68D /* Build configuration list for PBXNativeTarget "HeatMap" */;
			buildPhases = (
				92F19749E1578BA0A98BE008 /* [CP] Check Pods Manifest.lock */,
				3E4CAAE628C68EE000D5F68D /* Sources */,
				3E4CAAE728C68EE000D5F68D /* Frameworks */,
				3E4CAAE828C68EE000D5F68D /* Resources */,
				7FA0773C7084C59CE2E06743 /* [CP] Copy Pods Resources */,
			);
			buildRules = (
			);
			dependencies = (
			);
			name = HeatMap;
			productName = HeatMap;
			productReference = 3E4CAAEA28C68EE000D5F68D /* HeatMap.app */;
			productType = "com.apple.product-type.application";
		};
/* End PBXNativeTarget section */

/* Begin PBXProject section */
		3E4CAAE228C68EE000D5F68D /* Project object */ = {
			isa = PBXProject;
			attributes = {
				BuildIndependentTargetsInParallel = 1;
				LastSwiftUpdateCheck = 1340;
				LastUpgradeCheck = 1340;
				TargetAttributes = {
					3E4CAAE928C68EE000D5F68D = {
						CreatedOnToolsVersion = 13.4.1;
					};
				};
			};
			buildConfigurationList = 3E4CAAE528C68EE000D5F68D /* Build configuration list for PBXProject "HeatMap" */;
			compatibilityVersion = "Xcode 13.0";
			developmentRegion = en;
			hasScannedForEncodings = 0;
			knownRegions = (
				en,
				Base,
			);
			mainGroup = 3E4CAAE128C68EE000D5F68D;
			productRefGroup = 3E4CAAEB28C68EE000D5F68D /* Products */;
			projectDirPath = "";
			projectRoot = "";
			targets = (
				3E4CAAE928C68EE000D5F68D /* HeatMap */,
			);
		};
/* End PBXProject section */

/* Begin PBXResourcesBuildPhase section */
		3E4CAAE828C68EE000D5F68D /* Resources */ = {
			isa = PBXResourcesBuildPhase;
			buildActionMask = 2147483647;
			files = (
				3E4CAAFA28C68EE500D5F68D /* LaunchScreen.storyboard in Resources */,
				3E4CAAF728C68EE400D5F68D /* Assets.xcassets in Resources */,
				3E4CAAF528C68EE000D5F68D /* Main.storyboard in Resources */,
			);
			runOnlyForDeploymentPostprocessing = 0;
		};
/* End PBXResourcesBuildPhase section */

/* Begin PBXShellScriptBuildPhase section */
		7FA0773C7084C59CE2E06743 /* [CP] Copy Pods Resources */ = {
			isa = PBXShellScriptBuildPhase;
			buildActionMask = 2147483647;
			files = (
			);
			inputFileListPaths = (
				"${PODS_ROOT}/Target Support Files/Pods-HeatMap/Pods-HeatMap-resources-${CONFIGURATION}-input-files.xcfilelist",
			);
			name = "[CP] Copy Pods Resources";
			outputFileListPaths = (
				"${PODS_ROOT}/Target Support Files/Pods-HeatMap/Pods-HeatMap-resources-${CONFIGURATION}-output-files.xcfilelist",
			);
			runOnlyForDeploymentPostprocessing = 0;
			shellPath = /bin/sh;
			shellScript = "\"${PODS_ROOT}/Target Support Files/Pods-HeatMap/Pods-HeatMap-resources.sh\"\n";
			showEnvVarsInLog = 0;
		};
		92F19749E1578BA0A98BE008 /* [CP] Check Pods Manifest.lock */ = {
			isa = PBXShellScriptBuildPhase;
			buildActionMask = 2147483647;
			files = (
			);
			inputFileListPaths = (
			);
			inputPaths = (
				"${PODS_PODFILE_DIR_PATH}/Podfile.lock",
				"${PODS_ROOT}/Manifest.lock",
			);
			name = "[CP] Check Pods Manifest.lock";
			outputFileListPaths = (
			);
			outputPaths = (
				"$(DERIVED_FILE_DIR)/Pods-HeatMap-checkManifestLockResult.txt",
			);
			runOnlyForDeploymentPostprocessing = 0;
			shellPath = /bin/sh;
			shellScript = "diff \"${PODS_PODFILE_DIR_PATH}/Podfile.lock\" \"${PODS_ROOT}/Manifest.lock\" > /dev/null\nif [ $? != 0 ] ; then\n    # print error to STDERR\n    echo \"error: The sandbox is not in sync with the Podfile.lock. Run 'pod install' or update your CocoaPods installation.\" >&2\n    exit 1\nfi\n# This output is used by Xcode 'outputs' to avoid re-running this script phase.\necho \"SUCCESS\" > \"${SCRIPT_OUTPUT_FILE_0}\"\n";
			showEnvVarsInLog = 0;
		};
/* End PBXShellScriptBuildPhase section */

/* Begin PBXSourcesBuildPhase section */
		3E4CAAE628C68EE000D5F68D /* Sources */ = {
			isa = PBXSourcesBuildPhase;
			buildActionMask = 2147483647;
			files = (
				3E4CAAF228C68EE000D5F68D /* ViewController.swift in Sources */,
				3E4CAAEE28C68EE000D5F68D /* AppDelegate.swift in Sources */,
				3E7EB69C28C6A21200FC8901 /* Location.swift in Sources */,
				3E4CAAF028C68EE000D5F68D /* SceneDelegate.swift in Sources */,
			);
			runOnlyForDeploymentPostprocessing = 0;
		};
/* End PBXSourcesBuildPhase section */

/* Begin PBXVariantGroup section */
		3E4CAAF328C68EE000D5F68D /* Main.storyboard */ = {
			isa = PBXVariantGroup;
			children = (
				3E4CAAF428C68EE000D5F68D /* Base */,
			);
			name = Main.storyboard;
			sourceTree = "<group>";
		};
		3E4CAAF828C68EE400D5F68D /* LaunchScreen.storyboard */ = {
			isa = PBXVariantGroup;
			children = (
				3E4CAAF928C68EE400D5F68D /* Base */,
			);
			name = LaunchScreen.storyboard;
			sourceTree = "<group>";
		};
/* End PBXVariantGroup section */

/* Begin XCBuildConfiguration section */
		3E4CAAFC28C68EE500D5F68D /* Debug */ = {
			isa = XCBuildConfiguration;
			buildSettings = {
				ALWAYS_SEARCH_USER_PATHS = NO;
				CLANG_ANALYZER_NONNULL = YES;
				CLANG_ANALYZER_NUMBER_OBJECT_CONVERSION = YES_AGGRESSIVE;
				CLANG_CXX_LANGUAGE_STANDARD = "gnu++17";
				CLANG_ENABLE_MODULES = YES;
				CLANG_ENABLE_OBJC_ARC = YES;
				CLANG_ENABLE_OBJC_WEAK = YES;
				CLANG_WARN_BLOCK_CAPTURE_AUTORELEASING = YES;
				CLANG_WARN_BOOL_CONVERSION = YES;
				CLANG_WARN_COMMA = YES;
				CLANG_WARN_CONSTANT_CONVERSION = YES;
				CLANG_WARN_DEPRECATED_OBJC_IMPLEMENTATIONS = YES;
				CLANG_WARN_DIRECT_OBJC_ISA_USAGE = YES_ERROR;
				CLANG_WARN_DOCUMENTATION_COMMENTS = YES;
				CLANG_WARN_EMPTY_BODY = YES;
				CLANG_WARN_ENUM_CONVERSION = YES;
				CLANG_WARN_INFINITE_RECURSION = YES;
				CLANG_WARN_INT_CONVERSION = YES;
				CLANG_WARN_NON_LITERAL_NULL_CONVERSION = YES;
				CLANG_WARN_OBJC_IMPLICIT_RETAIN_SELF = YES;
				CLANG_WARN_OBJC_LITERAL_CONVERSION = YES;
				CLANG_WARN_OBJC_ROOT_CLASS = YES_ERROR;
				CLANG_WARN_QUOTED_INCLUDE_IN_FRAMEWORK_HEADER = YES;
				CLANG_WARN_RANGE_LOOP_ANALYSIS = YES;
				CLANG_WARN_STRICT_PROTOTYPES = YES;
				CLANG_WARN_SUSPICIOUS_MOVE = YES;
				CLANG_WARN_UNGUARDED_AVAILABILITY = YES_AGGRESSIVE;
				CLANG_WARN_UNREACHABLE_CODE = YES;
				CLANG_WARN__DUPLICATE_METHOD_MATCH = YES;
				COPY_PHASE_STRIP = NO;
				DEBUG_INFORMATION_FORMAT = dwarf;
				ENABLE_STRICT_OBJC_MSGSEND = YES;
				ENABLE_TESTABILITY = YES;
				GCC_C_LANGUAGE_STANDARD = gnu11;
				GCC_DYNAMIC_NO_PIC = NO;
				GCC_NO_COMMON_BLOCKS = YES;
				GCC_OPTIMIZATION_LEVEL = 0;
				GCC_PREPROCESSOR_DEFINITIONS = (
					"DEBUG=1",
					"$(inherited)",
				);
				GCC_WARN_64_TO_32_BIT_CONVERSION = YES;
				GCC_WARN_ABOUT_RETURN_TYPE = YES_ERROR;
				GCC_WARN_UNDECLARED_SELECTOR = YES;
				GCC_WARN_UNINITIALIZED_AUTOS = YES_AGGRESSIVE;
				GCC_WARN_UNUSED_FUNCTION = YES;
				GCC_WARN_UNUSED_VARIABLE = YES;
				IPHONEOS_DEPLOYMENT_TARGET = 15.5;
				MTL_ENABLE_DEBUG_INFO = INCLUDE_SOURCE;
				MTL_FAST_MATH = YES;
				ONLY_ACTIVE_ARCH = YES;
				SDKROOT = iphoneos;
				SWIFT_ACTIVE_COMPILATION_CONDITIONS = DEBUG;
				SWIFT_OPTIMIZATION_LEVEL = "-Onone";
			};
			name = Debug;
		};
		3E4CAAFD28C68EE500D5F68D /* Release */ = {
			isa = XCBuildConfiguration;
			buildSettings = {
				ALWAYS_SEARCH_USER_PATHS = NO;
				CLANG_ANALYZER_NONNULL = YES;
				CLANG_ANALYZER_NUMBER_OBJECT_CONVERSION = YES_AGGRESSIVE;
				CLANG_CXX_LANGUAGE_STANDARD = "gnu++17";
				CLANG_ENABLE_MODULES = YES;
				CLANG_ENABLE_OBJC_ARC = YES;
				CLANG_ENABLE_OBJC_WEAK = YES;
				CLANG_WARN_BLOCK_CAPTURE_AUTORELEASING = YES;
				CLANG_WARN_BOOL_CONVERSION = YES;
				CLANG_WARN_COMMA = YES;
				CLANG_WARN_CONSTANT_CONVERSION = YES;
				CLANG_WARN_DEPRECATED_OBJC_IMPLEMENTATIONS = YES;
				CLANG_WARN_DIRECT_OBJC_ISA_USAGE = YES_ERROR;
				CLANG_WARN_DOCUMENTATION_COMMENTS = YES;
				CLANG_WARN_EMPTY_BODY = YES;
				CLANG_WARN_ENUM_CONVERSION = YES;
				CLANG_WARN_INFINITE_RECURSION = YES;
				CLANG_WARN_INT_CONVERSION = YES;
				CLANG_WARN_NON_LITERAL_NULL_CONVERSION = YES;
				CLANG_WARN_OBJC_IMPLICIT_RETAIN_SELF = YES;
				CLANG_WARN_OBJC_LITERAL_CONVERSION = YES;
				CLANG_WARN_OBJC_ROOT_CLASS = YES_ERROR;
				CLANG_WARN_QUOTED_INCLUDE_IN_FRAMEWORK_HEADER = YES;
				CLANG_WARN_RANGE_LOOP_ANALYSIS = YES;
				CLANG_WARN_STRICT_PROTOTYPES = YES;
				CLANG_WARN_SUSPICIOUS_MOVE = YES;
				CLANG_WARN_UNGUARDED_AVAILABILITY = YES_AGGRESSIVE;
				CLANG_WARN_UNREACHABLE_CODE = YES;
				CLANG_WARN__DUPLICATE_METHOD_MATCH = YES;
				COPY_PHASE_STRIP = NO;
				DEBUG_INFORMATION_FORMAT = "dwarf-with-dsym";
				ENABLE_NS_ASSERTIONS = NO;
				ENABLE_STRICT_OBJC_MSGSEND = YES;
				GCC_C_LANGUAGE_STANDARD = gnu11;
				GCC_NO_COMMON_BLOCKS = YES;
				GCC_WARN_64_TO_32_BIT_CONVERSION = YES;
				GCC_WARN_ABOUT_RETURN_TYPE = YES_ERROR;
				GCC_WARN_UNDECLARED_SELECTOR = YES;
				GCC_WARN_UNINITIALIZED_AUTOS = YES_AGGRESSIVE;
				GCC_WARN_UNUSED_FUNCTION = YES;
				GCC_WARN_UNUSED_VARIABLE = YES;
				IPHONEOS_DEPLOYMENT_TARGET = 15.5;
				MTL_ENABLE_DEBUG_INFO = NO;
				MTL_FAST_MATH = YES;
				SDKROOT = iphoneos;
				SWIFT_COMPILATION_MODE = wholemodule;
				SWIFT_OPTIMIZATION_LEVEL = "-O";
				VALIDATE_PRODUCT = YES;
			};
			name = Release;
		};
		3E4CAAFF28C68EE500D5F68D /* Debug */ = {
			isa = XCBuildConfiguration;
			baseConfigurationReference = B6E96B72CCBF3F79CB6190B8 /* Pods-HeatMap.debug.xcconfig */;
			buildSettings = {
				ASSETCATALOG_COMPILER_APPICON_NAME = AppIcon;
				ASSETCATALOG_COMPILER_GLOBAL_ACCENT_COLOR_NAME = AccentColor;
				CODE_SIGN_STYLE = Automatic;
				CURRENT_PROJECT_VERSION = 1;
				GENERATE_INFOPLIST_FILE = YES;
				INFOPLIST_FILE = HeatMap/Info.plist;
				INFOPLIST_KEY_UIApplicationSupportsIndirectInputEvents = YES;
				INFOPLIST_KEY_UILaunchStoryboardName = LaunchScreen;
				INFOPLIST_KEY_UIMainStoryboardFile = Main;
				INFOPLIST_KEY_UISupportedInterfaceOrientations_iPad = "UIInterfaceOrientationPortrait UIInterfaceOrientationPortraitUpsideDown UIInterfaceOrientationLandscapeLeft UIInterfaceOrientationLandscapeRight";
				INFOPLIST_KEY_UISupportedInterfaceOrientations_iPhone = "UIInterfaceOrientationPortrait UIInterfaceOrientationLandscapeLeft UIInterfaceOrientationLandscapeRight";
				LD_RUNPATH_SEARCH_PATHS = (
					"$(inherited)",
					"@executable_path/Frameworks",
				);
				MARKETING_VERSION = 1.0;
				PRODUCT_BUNDLE_IDENTIFIER = com.Nosaibah.HeatMap;
				PRODUCT_NAME = "$(TARGET_NAME)";
				SWIFT_EMIT_LOC_STRINGS = YES;
				SWIFT_VERSION = 5.0;
				TARGETED_DEVICE_FAMILY = "1,2";
			};
			name = Debug;
		};
		3E4CAB0028C68EE500D5F68D /* Release */ = {
			isa = XCBuildConfiguration;
			baseConfigurationReference = 431461573D1CB570E48E6889 /* Pods-HeatMap.release.xcconfig */;
			buildSettings = {
				ASSETCATALOG_COMPILER_APPICON_NAME = AppIcon;
				ASSETCATALOG_COMPILER_GLOBAL_ACCENT_COLOR_NAME = AccentColor;
				CODE_SIGN_STYLE = Automatic;
				CURRENT_PROJECT_VERSION = 1;
				GENERATE_INFOPLIST_FILE = YES;
				INFOPLIST_FILE = HeatMap/Info.plist;
				INFOPLIST_KEY_UIApplicationSupportsIndirectInputEvents = YES;
				INFOPLIST_KEY_UILaunchStoryboardName = LaunchScreen;
				INFOPLIST_KEY_UIMainStoryboardFile = Main;
				INFOPLIST_KEY_UISupportedInterfaceOrientations_iPad = "UIInterfaceOrientationPortrait UIInterfaceOrientationPortraitUpsideDown UIInterfaceOrientationLandscapeLeft UIInterfaceOrientationLandscapeRight";
				INFOPLIST_KEY_UISupportedInterfaceOrientations_iPhone = "UIInterfaceOrientationPortrait UIInterfaceOrientationLandscapeLeft UIInterfaceOrientationLandscapeRight";
				LD_RUNPATH_SEARCH_PATHS = (
					"$(inherited)",
					"@executable_path/Frameworks",
				);
				MARKETING_VERSION = 1.0;
				PRODUCT_BUNDLE_IDENTIFIER = com.Nosaibah.HeatMap;
				PRODUCT_NAME = "$(TARGET_NAME)";
				SWIFT_EMIT_LOC_STRINGS = YES;
				SWIFT_VERSION = 5.0;
				TARGETED_DEVICE_FAMILY = "1,2";
			};
			name = Release;
		};
/* End XCBuildConfiguration section */

/* Begin XCConfigurationList section */
		3E4CAAE528C68EE000D5F68D /* Build configuration list for PBXProject "HeatMap" */ = {
			isa = XCConfigurationList;
			buildConfigurations = (
				3E4CAAFC28C68EE500D5F68D /* Debug */,
				3E4CAAFD28C68EE500D5F68D /* Release */,
			);
			defaultConfigurationIsVisible = 0;
			defaultConfigurationName = Release;
		};
		3E4CAAFE28C68EE500D5F68D /* Build configuration list for PBXNativeTarget "HeatMap" */ = {
			isa = XCConfigurationList;
			buildConfigurations = (
				3E4CAAFF28C68EE500D5F68D /* Debug */,
				3E4CAB0028C68EE500D5F68D /* Release */,
			);
			defaultConfigurationIsVisible = 0;
			defaultConfigurationName = Release;
		};
/* End XCConfigurationList section */
	};
	rootObject = 3E4CAAE228C68EE000D5F68D /* Project object */;
}
