// !$*UTF8*$!
{
	archiveVersion = 1;
	classes = {
	};
	objectVersion = 55;
	objects = {

/* Begin PBXBuildFile section */
		06622AE828C6550F0098037B /* AppDelegate.swift in Sources */ = {isa = PBXBuildFile; fileRef = 06622AE728C6550F0098037B /* AppDelegate.swift */; };
		06622AEA28C6550F0098037B /* SceneDelegate.swift in Sources */ = {isa = PBXBuildFile; fileRef = 06622AE928C6550F0098037B /* SceneDelegate.swift */; };
		06622AEC28C6550F0098037B /* ViewController.swift in Sources */ = {isa = PBXBuildFile; fileRef = 06622AEB28C6550F0098037B /* ViewController.swift */; };
		06622AEF28C6550F0098037B /* Main.storyboard in Resources */ = {isa = PBXBuildFile; fileRef = 06622AED28C6550F0098037B /* Main.storyboard */; };
		06622AF128C655100098037B /* Assets.xcassets in Resources */ = {isa = PBXBuildFile; fileRef = 06622AF028C655100098037B /* Assets.xcassets */; };
		06622AF428C655110098037B /* LaunchScreen.storyboard in Resources */ = {isa = PBXBuildFile; fileRef = 06622AF228C655110098037B /* LaunchScreen.storyboard */; };
		50F685107890AD31C71072B1 /* Pods_Google_Maps_Cocoapod.framework in Frameworks */ = {isa = PBXBuildFile; fileRef = 67BB950A270E6CEE2B7ADEDE /* Pods_Google_Maps_Cocoapod.framework */; };
/* End PBXBuildFile section */

/* Begin PBXFileReference section */
		034CEBA08039FE7163E05CAB /* Pods-Google-Maps-Cocoapod.debug.xcconfig */ = {isa = PBXFileReference; includeInIndex = 1; lastKnownFileType = text.xcconfig; name = "Pods-Google-Maps-Cocoapod.debug.xcconfig"; path = "Target Support Files/Pods-Google-Maps-Cocoapod/Pods-Google-Maps-Cocoapod.debug.xcconfig"; sourceTree = "<group>"; };
		06622AE428C6550F0098037B /* Google-Maps-Cocoapod.app */ = {isa = PBXFileReference; explicitFileType = wrapper.application; includeInIndex = 0; path = "Google-Maps-Cocoapod.app"; sourceTree = BUILT_PRODUCTS_DIR; };
		06622AE728C6550F0098037B /* AppDelegate.swift */ = {isa = PBXFileReference; lastKnownFileType = sourcecode.swift; path = AppDelegate.swift; sourceTree = "<group>"; };
		06622AE928C6550F0098037B /* SceneDelegate.swift */ = {isa = PBXFileReference; lastKnownFileType = sourcecode.swift; path = SceneDelegate.swift; sourceTree = "<group>"; };
		06622AEB28C6550F0098037B /* ViewController.swift */ = {isa = PBXFileReference; lastKnownFileType = sourcecode.swift; path = ViewController.swift; sourceTree = "<group>"; };
		06622AEE28C6550F0098037B /* Base */ = {isa = PBXFileReference; lastKnownFileType = file.storyboard; name = Base; path = Base.lproj/Main.storyboard; sourceTree = "<group>"; };
		06622AF028C655100098037B /* Assets.xcassets */ = {isa = PBXFileReference; lastKnownFileType = folder.assetcatalog; path = Assets.xcassets; sourceTree = "<group>"; };
		06622AF328C655110098037B /* Base */ = {isa = PBXFileReference; lastKnownFileType = file.storyboard; name = Base; path = Base.lproj/LaunchScreen.storyboard; sourceTree = "<group>"; };
		06622AF528C655110098037B /* Info.plist */ = {isa = PBXFileReference; lastKnownFileType = text.plist.xml; path = Info.plist; sourceTree = "<group>"; };
		67BB950A270E6CEE2B7ADEDE /* Pods_Google_Maps_Cocoapod.framework */ = {isa = PBXFileReference; explicitFileType = wrapper.framework; includeInIndex = 0; path = Pods_Google_Maps_Cocoapod.framework; sourceTree = BUILT_PRODUCTS_DIR; };
		69E982520252927535F33B7A /* Pods-Google-Maps-Cocoapod.release.xcconfig */ = {isa = PBXFileReference; includeInIndex = 1; lastKnownFileType = text.xcconfig; name = "Pods-Google-Maps-Cocoapod.release.xcconfig"; path = "Target Support Files/Pods-Google-Maps-Cocoapod/Pods-Google-Maps-Cocoapod.release.xcconfig"; sourceTree = "<group>"; };
/* End PBXFileReference section */

/* Begin PBXFrameworksBuildPhase section */
		06622AE128C6550F0098037B /* Frameworks */ = {
			isa = PBXFrameworksBuildPhase;
			buildActionMask = 2147483647;
			files = (
				50F685107890AD31C71072B1 /* Pods_Google_Maps_Cocoapod.framework in Frameworks */,
			);
			runOnlyForDeploymentPostprocessing = 0;
		};
/* End PBXFrameworksBuildPhase section */

/* Begin PBXGroup section */
		06622ADB28C6550F0098037B = {
			isa = PBXGroup;
			children = (
				06622AE628C6550F0098037B /* Google-Maps-Cocoapod */,
				06622AE528C6550F0098037B /* Products */,
				F3E53D21384481106E9010DE /* Pods */,
				48033B07BA598CB53A1AAAA8 /* Frameworks */,
			);
			sourceTree = "<group>";
		};
		06622AE528C6550F0098037B /* Products */ = {
			isa = PBXGroup;
			children = (
				06622AE428C6550F0098037B /* Google-Maps-Cocoapod.app */,
			);
			name = Products;
			sourceTree = "<group>";
		};
		06622AE628C6550F0098037B /* Google-Maps-Cocoapod */ = {
			isa = PBXGroup;
			children = (
				06622AE728C6550F0098037B /* AppDelegate.swift */,
				06622AE928C6550F0098037B /* SceneDelegate.swift */,
				06622AEB28C6550F0098037B /* ViewController.swift */,
				06622AED28C6550F0098037B /* Main.storyboard */,
				06622AF028C655100098037B /* Assets.xcassets */,
				06622AF228C655110098037B /* LaunchScreen.storyboard */,
				06622AF528C655110098037B /* Info.plist */,
			);
			path = "Google-Maps-Cocoapod";
			sourceTree = "<group>";
		};
		48033B07BA598CB53A1AAAA8 /* Frameworks */ = {
			isa = PBXGroup;
			children = (
				67BB950A270E6CEE2B7ADEDE /* Pods_Google_Maps_Cocoapod.framework */,
			);
			name = Frameworks;
			sourceTree = "<group>";
		};
		F3E53D21384481106E9010DE /* Pods */ = {
			isa = PBXGroup;
			children = (
				034CEBA08039FE7163E05CAB /* Pods-Google-Maps-Cocoapod.debug.xcconfig */,
				69E982520252927535F33B7A /* Pods-Google-Maps-Cocoapod.release.xcconfig */,
			);
			name = Pods;
			path = Pods;
			sourceTree = "<group>";
		};
/* End PBXGroup section */

/* Begin PBXNativeTarget section */
		06622AE328C6550F0098037B /* Google-Maps-Cocoapod */ = {
			isa = PBXNativeTarget;
			buildConfigurationList = 06622AF828C655110098037B /* Build configuration list for PBXNativeTarget "Google-Maps-Cocoapod" */;
			buildPhases = (
				7682037CE6D4407CD1FA1058 /* [CP] Check Pods Manifest.lock */,
				06622AE028C6550F0098037B /* Sources */,
				06622AE128C6550F0098037B /* Frameworks */,
				06622AE228C6550F0098037B /* Resources */,
				13A0568848F51E1DBABC3937 /* [CP] Copy Pods Resources */,
			);
			buildRules = (
			);
			dependencies = (
			);
			name = "Google-Maps-Cocoapod";
			productName = "Google-Maps-Cocoapod";
			productReference = 06622AE428C6550F0098037B /* Google-Maps-Cocoapod.app */;
			productType = "com.apple.product-type.application";
		};
/* End PBXNativeTarget section */

/* Begin PBXProject section */
		06622ADC28C6550F0098037B /* Project object */ = {
			isa = PBXProject;
			attributes = {
				BuildIndependentTargetsInParallel = 1;
				LastSwiftUpdateCheck = 1340;
				LastUpgradeCheck = 1340;
				TargetAttributes = {
					06622AE328C6550F0098037B = {
						CreatedOnToolsVersion = 13.4.1;
					};
				};
			};
			buildConfigurationList = 06622ADF28C6550F0098037B /* Build configuration list for PBXProject "Google-Maps-Cocoapod" */;
			compatibilityVersion = "Xcode 13.0";
			developmentRegion = en;
			hasScannedForEncodings = 0;
			knownRegions = (
				en,
				Base,
			);
			mainGroup = 06622ADB28C6550F0098037B;
			productRefGroup = 06622AE528C6550F0098037B /* Products */;
			projectDirPath = "";
			projectRoot = "";
			targets = (
				06622AE328C6550F0098037B /* Google-Maps-Cocoapod */,
			);
		};
/* End PBXProject section */

/* Begin PBXResourcesBuildPhase section */
		06622AE228C6550F0098037B /* Resources */ = {
			isa = PBXResourcesBuildPhase;
			buildActionMask = 2147483647;
			files = (
				06622AF428C655110098037B /* LaunchScreen.storyboard in Resources */,
				06622AF128C655100098037B /* Assets.xcassets in Resources */,
				06622AEF28C6550F0098037B /* Main.storyboard in Resources */,
			);
			runOnlyForDeploymentPostprocessing = 0;
		};
/* End PBXResourcesBuildPhase section */

/* Begin PBXShellScriptBuildPhase section */
		13A0568848F51E1DBABC3937 /* [CP] Copy Pods Resources */ = {
			isa = PBXShellScriptBuildPhase;
			buildActionMask = 2147483647;
			files = (
			);
			inputFileListPaths = (
				"${PODS_ROOT}/Target Support Files/Pods-Google-Maps-Cocoapod/Pods-Google-Maps-Cocoapod-resources-${CONFIGURATION}-input-files.xcfilelist",
			);
			name = "[CP] Copy Pods Resources";
			outputFileListPaths = (
				"${PODS_ROOT}/Target Support Files/Pods-Google-Maps-Cocoapod/Pods-Google-Maps-Cocoapod-resources-${CONFIGURATION}-output-files.xcfilelist",
			);
			runOnlyForDeploymentPostprocessing = 0;
			shellPath = /bin/sh;
			shellScript = "\"${PODS_ROOT}/Target Support Files/Pods-Google-Maps-Cocoapod/Pods-Google-Maps-Cocoapod-resources.sh\"\n";
			showEnvVarsInLog = 0;
		};
		7682037CE6D4407CD1FA1058 /* [CP] Check Pods Manifest.lock */ = {
			isa = PBXShellScriptBuildPhase;
			buildActionMask = 2147483647;
			files = (
			);
			inputFileListPaths = (
			);
			inputPaths = (
				"${PODS_PODFILE_DIR_PATH}/Podfile.lock",
				"${PODS_ROOT}/Manifest.lock",
			);
			name = "[CP] Check Pods Manifest.lock";
			outputFileListPaths = (
			);
			outputPaths = (
				"$(DERIVED_FILE_DIR)/Pods-Google-Maps-Cocoapod-checkManifestLockResult.txt",
			);
			runOnlyForDeploymentPostprocessing = 0;
			shellPath = /bin/sh;
			shellScript = "diff \"${PODS_PODFILE_DIR_PATH}/Podfile.lock\" \"${PODS_ROOT}/Manifest.lock\" > /dev/null\nif [ $? != 0 ] ; then\n    # print error to STDERR\n    echo \"error: The sandbox is not in sync with the Podfile.lock. Run 'pod install' or update your CocoaPods installation.\" >&2\n    exit 1\nfi\n# This output is used by Xcode 'outputs' to avoid re-running this script phase.\necho \"SUCCESS\" > \"${SCRIPT_OUTPUT_FILE_0}\"\n";
			showEnvVarsInLog = 0;
		};
/* End PBXShellScriptBuildPhase section */

/* Begin PBXSourcesBuildPhase section */
		06622AE028C6550F0098037B /* Sources */ = {
			isa = PBXSourcesBuildPhase;
			buildActionMask = 2147483647;
			files = (
				06622AEC28C6550F0098037B /* ViewController.swift in Sources */,
				06622AE828C6550F0098037B /* AppDelegate.swift in Sources */,
				06622AEA28C6550F0098037B /* SceneDelegate.swift in Sources */,
			);
			runOnlyForDeploymentPostprocessing = 0;
		};
/* End PBXSourcesBuildPhase section */

/* Begin PBXVariantGroup section */
		06622AED28C6550F0098037B /* Main.storyboard */ = {
			isa = PBXVariantGroup;
			children = (
				06622AEE28C6550F0098037B /* Base */,
			);
			name = Main.storyboard;
			sourceTree = "<group>";
		};
		06622AF228C655110098037B /* LaunchScreen.storyboard */ = {
			isa = PBXVariantGroup;
			children = (
				06622AF328C655110098037B /* Base */,
			);
			name = LaunchScreen.storyboard;
			sourceTree = "<group>";
		};
/* End PBXVariantGroup section */

/* Begin XCBuildConfiguration section */
		06622AF628C655110098037B /* Debug */ = {
			isa = XCBuildConfiguration;
			buildSettings = {
				ALWAYS_SEARCH_USER_PATHS = NO;
				CLANG_ANALYZER_NONNULL = YES;
				CLANG_ANALYZER_NUMBER_OBJECT_CONVERSION = YES_AGGRESSIVE;
				CLANG_CXX_LANGUAGE_STANDARD = "gnu++17";
				CLANG_ENABLE_MODULES = YES;
				CLANG_ENABLE_OBJC_ARC = YES;
				CLANG_ENABLE_OBJC_WEAK = YES;
				CLANG_WARN_BLOCK_CAPTURE_AUTORELEASING = YES;
				CLANG_WARN_BOOL_CONVERSION = YES;
				CLANG_WARN_COMMA = YES;
				CLANG_WARN_CONSTANT_CONVERSION = YES;
				CLANG_WARN_DEPRECATED_OBJC_IMPLEMENTATIONS = YES;
				CLANG_WARN_DIRECT_OBJC_ISA_USAGE = YES_ERROR;
				CLANG_WARN_DOCUMENTATION_COMMENTS = YES;
				CLANG_WARN_EMPTY_BODY = YES;
				CLANG_WARN_ENUM_CONVERSION = YES;
				CLANG_WARN_INFINITE_RECURSION = YES;
				CLANG_WARN_INT_CONVERSION = YES;
				CLANG_WARN_NON_LITERAL_NULL_CONVERSION = YES;
				CLANG_WARN_OBJC_IMPLICIT_RETAIN_SELF = YES;
				CLANG_WARN_OBJC_LITERAL_CONVERSION = YES;
				CLANG_WARN_OBJC_ROOT_CLASS = YES_ERROR;
				CLANG_WARN_QUOTED_INCLUDE_IN_FRAMEWORK_HEADER = YES;
				CLANG_WARN_RANGE_LOOP_ANALYSIS = YES;
				CLANG_WARN_STRICT_PROTOTYPES = YES;
				CLANG_WARN_SUSPICIOUS_MOVE = YES;
				CLANG_WARN_UNGUARDED_AVAILABILITY = YES_AGGRESSIVE;
				CLANG_WARN_UNREACHABLE_CODE = YES;
				CLANG_WARN__DUPLICATE_METHOD_MATCH = YES;
				COPY_PHASE_STRIP = NO;
				DEBUG_INFORMATION_FORMAT = dwarf;
				ENABLE_STRICT_OBJC_MSGSEND = YES;
				ENABLE_TESTABILITY = YES;
				GCC_C_LANGUAGE_STANDARD = gnu11;
				GCC_DYNAMIC_NO_PIC = NO;
				GCC_NO_COMMON_BLOCKS = YES;
				GCC_OPTIMIZATION_LEVEL = 0;
				GCC_PREPROCESSOR_DEFINITIONS = (
					"DEBUG=1",
					"$(inherited)",
				);
				GCC_WARN_64_TO_32_BIT_CONVERSION = YES;
				GCC_WARN_ABOUT_RETURN_TYPE = YES_ERROR;
				GCC_WARN_UNDECLARED_SELECTOR = YES;
				GCC_WARN_UNINITIALIZED_AUTOS = YES_AGGRESSIVE;
				GCC_WARN_UNUSED_FUNCTION = YES;
				GCC_WARN_UNUSED_VARIABLE = YES;
				IPHONEOS_DEPLOYMENT_TARGET = 15.5;
				MTL_ENABLE_DEBUG_INFO = INCLUDE_SOURCE;
				MTL_FAST_MATH = YES;
				ONLY_ACTIVE_ARCH = YES;
				SDKROOT = iphoneos;
				SWIFT_ACTIVE_COMPILATION_CONDITIONS = DEBUG;
				SWIFT_OPTIMIZATION_LEVEL = "-Onone";
			};
			name = Debug;
		};
		06622AF728C655110098037B /* Release */ = {
			isa = XCBuildConfiguration;
			buildSettings = {
				ALWAYS_SEARCH_USER_PATHS = NO;
				CLANG_ANALYZER_NONNULL = YES;
				CLANG_ANALYZER_NUMBER_OBJECT_CONVERSION = YES_AGGRESSIVE;
				CLANG_CXX_LANGUAGE_STANDARD = "gnu++17";
				CLANG_ENABLE_MODULES = YES;
				CLANG_ENABLE_OBJC_ARC = YES;
				CLANG_ENABLE_OBJC_WEAK = YES;
				CLANG_WARN_BLOCK_CAPTURE_AUTORELEASING = YES;
				CLANG_WARN_BOOL_CONVERSION = YES;
				CLANG_WARN_COMMA = YES;
				CLANG_WARN_CONSTANT_CONVERSION = YES;
				CLANG_WARN_DEPRECATED_OBJC_IMPLEMENTATIONS = YES;
				CLANG_WARN_DIRECT_OBJC_ISA_USAGE = YES_ERROR;
				CLANG_WARN_DOCUMENTATION_COMMENTS = YES;
				CLANG_WARN_EMPTY_BODY = YES;
				CLANG_WARN_ENUM_CONVERSION = YES;
				CLANG_WARN_INFINITE_RECURSION = YES;
				CLANG_WARN_INT_CONVERSION = YES;
				CLANG_WARN_NON_LITERAL_NULL_CONVERSION = YES;
				CLANG_WARN_OBJC_IMPLICIT_RETAIN_SELF = YES;
				CLANG_WARN_OBJC_LITERAL_CONVERSION = YES;
				CLANG_WARN_OBJC_ROOT_CLASS = YES_ERROR;
				CLANG_WARN_QUOTED_INCLUDE_IN_FRAMEWORK_HEADER = YES;
				CLANG_WARN_RANGE_LOOP_ANALYSIS = YES;
				CLANG_WARN_STRICT_PROTOTYPES = YES;
				CLANG_WARN_SUSPICIOUS_MOVE = YES;
				CLANG_WARN_UNGUARDED_AVAILABILITY = YES_AGGRESSIVE;
				CLANG_WARN_UNREACHABLE_CODE = YES;
				CLANG_WARN__DUPLICATE_METHOD_MATCH = YES;
				COPY_PHASE_STRIP = NO;
				DEBUG_INFORMATION_FORMAT = "dwarf-with-dsym";
				ENABLE_NS_ASSERTIONS = NO;
				ENABLE_STRICT_OBJC_MSGSEND = YES;
				GCC_C_LANGUAGE_STANDARD = gnu11;
				GCC_NO_COMMON_BLOCKS = YES;
				GCC_WARN_64_TO_32_BIT_CONVERSION = YES;
				GCC_WARN_ABOUT_RETURN_TYPE = YES_ERROR;
				GCC_WARN_UNDECLARED_SELECTOR = YES;
				GCC_WARN_UNINITIALIZED_AUTOS = YES_AGGRESSIVE;
				GCC_WARN_UNUSED_FUNCTION = YES;
				GCC_WARN_UNUSED_VARIABLE = YES;
				IPHONEOS_DEPLOYMENT_TARGET = 15.5;
				MTL_ENABLE_DEBUG_INFO = NO;
				MTL_FAST_MATH = YES;
				SDKROOT = iphoneos;
				SWIFT_COMPILATION_MODE = wholemodule;
				SWIFT_OPTIMIZATION_LEVEL = "-O";
				VALIDATE_PRODUCT = YES;
			};
			name = Release;
		};
		06622AF928C655110098037B /* Debug */ = {
			isa = XCBuildConfiguration;
			baseConfigurationReference = 034CEBA08039FE7163E05CAB /* Pods-Google-Maps-Cocoapod.debug.xcconfig */;
			buildSettings = {
				ASSETCATALOG_COMPILER_APPICON_NAME = AppIcon;
				ASSETCATALOG_COMPILER_GLOBAL_ACCENT_COLOR_NAME = AccentColor;
				CODE_SIGN_STYLE = Automatic;
				CURRENT_PROJECT_VERSION = 1;
				DEVELOPMENT_TEAM = RVKBN5RV4F;
				GENERATE_INFOPLIST_FILE = YES;
				INFOPLIST_FILE = "Google-Maps-Cocoapod/Info.plist";
				INFOPLIST_KEY_UIApplicationSupportsIndirectInputEvents = YES;
				INFOPLIST_KEY_UILaunchStoryboardName = LaunchScreen;
				INFOPLIST_KEY_UIMainStoryboardFile = Main;
				INFOPLIST_KEY_UISupportedInterfaceOrientations_iPad = "UIInterfaceOrientationPortrait UIInterfaceOrientationPortraitUpsideDown UIInterfaceOrientationLandscapeLeft UIInterfaceOrientationLandscapeRight";
				INFOPLIST_KEY_UISupportedInterfaceOrientations_iPhone = "UIInterfaceOrientationPortrait UIInterfaceOrientationLandscapeLeft UIInterfaceOrientationLandscapeRight";
				LD_RUNPATH_SEARCH_PATHS = (
					"$(inherited)",
					"@executable_path/Frameworks",
				);
				MARKETING_VERSION = 1.0;
				PRODUCT_BUNDLE_IDENTIFIER = "com.example.Google-Maps-Cocoapod";
				PRODUCT_NAME = "$(TARGET_NAME)";
				SWIFT_EMIT_LOC_STRINGS = YES;
				SWIFT_VERSION = 5.0;
				TARGETED_DEVICE_FAMILY = "1,2";
			};
			name = Debug;
		};
		06622AFA28C655110098037B /* Release */ = {
			isa = XCBuildConfiguration;
			baseConfigurationReference = 69E982520252927535F33B7A /* Pods-Google-Maps-Cocoapod.release.xcconfig */;
			buildSettings = {
				ASSETCATALOG_COMPILER_APPICON_NAME = AppIcon;
				ASSETCATALOG_COMPILER_GLOBAL_ACCENT_COLOR_NAME = AccentColor;
				CODE_SIGN_STYLE = Automatic;
				CURRENT_PROJECT_VERSION = 1;
				DEVELOPMENT_TEAM = RVKBN5RV4F;
				GENERATE_INFOPLIST_FILE = YES;
				INFOPLIST_FILE = "Google-Maps-Cocoapod/Info.plist";
				INFOPLIST_KEY_UIApplicationSupportsIndirectInputEvents = YES;
				INFOPLIST_KEY_UILaunchStoryboardName = LaunchScreen;
				INFOPLIST_KEY_UIMainStoryboardFile = Main;
				INFOPLIST_KEY_UISupportedInterfaceOrientations_iPad = "UIInterfaceOrientationPortrait UIInterfaceOrientationPortraitUpsideDown UIInterfaceOrientationLandscapeLeft UIInterfaceOrientationLandscapeRight";
				INFOPLIST_KEY_UISupportedInterfaceOrientations_iPhone = "UIInterfaceOrientationPortrait UIInterfaceOrientationLandscapeLeft UIInterfaceOrientationLandscapeRight";
				LD_RUNPATH_SEARCH_PATHS = (
					"$(inherited)",
					"@executable_path/Frameworks",
				);
				MARKETING_VERSION = 1.0;
				PRODUCT_BUNDLE_IDENTIFIER = "com.example.Google-Maps-Cocoapod";
				PRODUCT_NAME = "$(TARGET_NAME)";
				SWIFT_EMIT_LOC_STRINGS = YES;
				SWIFT_VERSION = 5.0;
				TARGETED_DEVICE_FAMILY = "1,2";
			};
			name = Release;
		};
/* End XCBuildConfiguration section */

/* Begin XCConfigurationList section */
		06622ADF28C6550F0098037B /* Build configuration list for PBXProject "Google-Maps-Cocoapod" */ = {
			isa = XCConfigurationList;
			buildConfigurations = (
				06622AF628C655110098037B /* Debug */,
				06622AF728C655110098037B /* Release */,
			);
			defaultConfigurationIsVisible = 0;
			defaultConfigurationName = Release;
		};
		06622AF828C655110098037B /* Build configuration list for PBXNativeTarget "Google-Maps-Cocoapod" */ = {
			isa = XCConfigurationList;
			buildConfigurations = (
				06622AF928C655110098037B /* Debug */,
				06622AFA28C655110098037B /* Release */,
			);
			defaultConfigurationIsVisible = 0;
			defaultConfigurationName = Release;
		};
/* End XCConfigurationList section */
	};
	rootObject = 06622ADC28C6550F0098037B /* Project object */;
}
